// !$*UTF8*$!
{
	archiveVersion = 1;
	classes = {
	};
	objectVersion = 56;
	objects = {

/* Begin PBXBuildFile section */
		177365182C8BD1D90017963A /* DesignSystem.framework in Frameworks */ = {isa = PBXBuildFile; fileRef = 1773650D2C8BD1D90017963A /* DesignSystem.framework */; };
		1773651D2C8BD1D90017963A /* DesignSystemTests.swift in Sources */ = {isa = PBXBuildFile; fileRef = 1773651C2C8BD1D90017963A /* DesignSystemTests.swift */; };
		17FBCB9C2C8BD8D0009DE01E /* DefaultTheme.swift in Sources */ = {isa = PBXBuildFile; fileRef = 17FBCB982C8BD774009DE01E /* DefaultTheme.swift */; };
		17FBCB9D2C8BD8D3009DE01E /* ThemeProtocol.swift in Sources */ = {isa = PBXBuildFile; fileRef = 17FBCB962C8BD774009DE01E /* ThemeProtocol.swift */; };
		17FBCB9E2C8BD8D7009DE01E /* ThemeSetupUtil.swift in Sources */ = {isa = PBXBuildFile; fileRef = 17FBCB972C8BD774009DE01E /* ThemeSetupUtil.swift */; };
		17FBCBBE2C8BDFEA009DE01E /* Assets.xcassets in Resources */ = {isa = PBXBuildFile; fileRef = 17FBCBB32C8BDFE9009DE01E /* Assets.xcassets */; };
		17FBCBD02C8BE065009DE01E /* ImageResources.swift in Sources */ = {isa = PBXBuildFile; fileRef = 17FBCBCF2C8BE065009DE01E /* ImageResources.swift */; };
		17FBCBD42C8BE4F2009DE01E /* Bundle.swift in Sources */ = {isa = PBXBuildFile; fileRef = 17FBCBD32C8BE4F2009DE01E /* Bundle.swift */; };
		17FBCC0A2C8C8502009DE01E /* ThemeManager.swift in Sources */ = {isa = PBXBuildFile; fileRef = 17FBCC092C8C8502009DE01E /* ThemeManager.swift */; };
		17FBCC132C8C8759009DE01E /* CardView.swift in Sources */ = {isa = PBXBuildFile; fileRef = 17FBCC0B2C8C8759009DE01E /* CardView.swift */; };
		17FBCC142C8C8759009DE01E /* ColoredCircleChart.swift in Sources */ = {isa = PBXBuildFile; fileRef = 17FBCC0C2C8C8759009DE01E /* ColoredCircleChart.swift */; };
		17FBCC152C8C8759009DE01E /* CustomAlertView.swift in Sources */ = {isa = PBXBuildFile; fileRef = 17FBCC0D2C8C8759009DE01E /* CustomAlertView.swift */; };
		17FBCC162C8C8759009DE01E /* ScreenRootLayout.swift in Sources */ = {isa = PBXBuildFile; fileRef = 17FBCC0E2C8C8759009DE01E /* ScreenRootLayout.swift */; };
		17FBCC172C8C8759009DE01E /* SettingGroupContainer.swift in Sources */ = {isa = PBXBuildFile; fileRef = 17FBCC0F2C8C8759009DE01E /* SettingGroupContainer.swift */; };
		17FBCC182C8C8759009DE01E /* SettingItemContainer.swift in Sources */ = {isa = PBXBuildFile; fileRef = 17FBCC102C8C8759009DE01E /* SettingItemContainer.swift */; };
		17FBCC192C8C8759009DE01E /* SettingItemDivider.swift in Sources */ = {isa = PBXBuildFile; fileRef = 17FBCC112C8C8759009DE01E /* SettingItemDivider.swift */; };
		17FBCC9C2C8C90F0009DE01E /* VolumeInputAlert.swift in Sources */ = {isa = PBXBuildFile; fileRef = 17FBCC952C8C90F0009DE01E /* VolumeInputAlert.swift */; };
		17FBCC9D2C8C90F0009DE01E /* CheckCircleButtonToggleStyle.swift in Sources */ = {isa = PBXBuildFile; fileRef = 17FBCC972C8C90F0009DE01E /* CheckCircleButtonToggleStyle.swift */; };
		17FBCC9E2C8C90F0009DE01E /* CircleButtonToggleStyle.swift in Sources */ = {isa = PBXBuildFile; fileRef = 17FBCC982C8C90F0009DE01E /* CircleButtonToggleStyle.swift */; };
		17FBCC9F2C8C90F0009DE01E /* UIScreen+Dimensions.swift in Sources */ = {isa = PBXBuildFile; fileRef = 17FBCC9A2C8C90F0009DE01E /* UIScreen+Dimensions.swift */; };
		17FBCCEF2C8E582C009DE01E /* ThemedColorView.swift in Sources */ = {isa = PBXBuildFile; fileRef = 17FBCCEE2C8E582C009DE01E /* ThemedColorView.swift */; };
		D22A8BEC2CFFF88B00E52A50 /* Pods_DesignSystemTests.framework in Frameworks */ = {isa = PBXBuildFile; fileRef = 52B18F627856FDD7D68DAD2B /* Pods_DesignSystemTests.framework */; };
		EA7860AF37FD8984AE4FEF49 /* Pods_DesignSystem.framework in Frameworks */ = {isa = PBXBuildFile; fileRef = E91B8D82CA149E35762AD4DF /* Pods_DesignSystem.framework */; };
/* End PBXBuildFile section */

/* Begin PBXContainerItemProxy section */
		177365192C8BD1D90017963A /* PBXContainerItemProxy */ = {
			isa = PBXContainerItemProxy;
			containerPortal = 177365042C8BD1D90017963A /* Project object */;
			proxyType = 1;
			remoteGlobalIDString = 1773650C2C8BD1D90017963A;
			remoteInfo = DesignSystem;
		};
/* End PBXContainerItemProxy section */

/* Begin PBXFileReference section */
		1773650D2C8BD1D90017963A /* DesignSystem.framework */ = {isa = PBXFileReference; explicitFileType = wrapper.framework; includeInIndex = 0; path = DesignSystem.framework; sourceTree = BUILT_PRODUCTS_DIR; };
		177365112C8BD1D90017963A /* DesignSystem.docc */ = {isa = PBXFileReference; lastKnownFileType = folder.documentationcatalog; path = DesignSystem.docc; sourceTree = "<group>"; };
		177365172C8BD1D90017963A /* DesignSystemTests.xctest */ = {isa = PBXFileReference; explicitFileType = wrapper.cfbundle; includeInIndex = 0; path = DesignSystemTests.xctest; sourceTree = BUILT_PRODUCTS_DIR; };
		1773651C2C8BD1D90017963A /* DesignSystemTests.swift */ = {isa = PBXFileReference; lastKnownFileType = sourcecode.swift; path = DesignSystemTests.swift; sourceTree = "<group>"; };
		17FBCB962C8BD774009DE01E /* ThemeProtocol.swift */ = {isa = PBXFileReference; fileEncoding = 4; lastKnownFileType = sourcecode.swift; path = ThemeProtocol.swift; sourceTree = "<group>"; };
		17FBCB972C8BD774009DE01E /* ThemeSetupUtil.swift */ = {isa = PBXFileReference; fileEncoding = 4; lastKnownFileType = sourcecode.swift; path = ThemeSetupUtil.swift; sourceTree = "<group>"; };
		17FBCB982C8BD774009DE01E /* DefaultTheme.swift */ = {isa = PBXFileReference; fileEncoding = 4; lastKnownFileType = sourcecode.swift; path = DefaultTheme.swift; sourceTree = "<group>"; };
		17FBCBB32C8BDFE9009DE01E /* Assets.xcassets */ = {isa = PBXFileReference; lastKnownFileType = folder.assetcatalog; path = Assets.xcassets; sourceTree = "<group>"; };
		17FBCBCF2C8BE065009DE01E /* ImageResources.swift */ = {isa = PBXFileReference; fileEncoding = 4; lastKnownFileType = sourcecode.swift; path = ImageResources.swift; sourceTree = "<group>"; };
		17FBCBD32C8BE4F2009DE01E /* Bundle.swift */ = {isa = PBXFileReference; lastKnownFileType = sourcecode.swift; path = Bundle.swift; sourceTree = "<group>"; };
		17FBCC092C8C8502009DE01E /* ThemeManager.swift */ = {isa = PBXFileReference; fileEncoding = 4; lastKnownFileType = sourcecode.swift; name = ThemeManager.swift; path = ../../../../iosApp/Shared/UI/ThemeManager.swift; sourceTree = "<group>"; };
		17FBCC0B2C8C8759009DE01E /* CardView.swift */ = {isa = PBXFileReference; fileEncoding = 4; lastKnownFileType = sourcecode.swift; path = CardView.swift; sourceTree = "<group>"; };
		17FBCC0C2C8C8759009DE01E /* ColoredCircleChart.swift */ = {isa = PBXFileReference; fileEncoding = 4; lastKnownFileType = sourcecode.swift; path = ColoredCircleChart.swift; sourceTree = "<group>"; };
		17FBCC0D2C8C8759009DE01E /* CustomAlertView.swift */ = {isa = PBXFileReference; fileEncoding = 4; lastKnownFileType = sourcecode.swift; path = CustomAlertView.swift; sourceTree = "<group>"; };
		17FBCC0E2C8C8759009DE01E /* ScreenRootLayout.swift */ = {isa = PBXFileReference; fileEncoding = 4; lastKnownFileType = sourcecode.swift; path = ScreenRootLayout.swift; sourceTree = "<group>"; };
		17FBCC0F2C8C8759009DE01E /* SettingGroupContainer.swift */ = {isa = PBXFileReference; fileEncoding = 4; lastKnownFileType = sourcecode.swift; path = SettingGroupContainer.swift; sourceTree = "<group>"; };
		17FBCC102C8C8759009DE01E /* SettingItemContainer.swift */ = {isa = PBXFileReference; fileEncoding = 4; lastKnownFileType = sourcecode.swift; path = SettingItemContainer.swift; sourceTree = "<group>"; };
		17FBCC112C8C8759009DE01E /* SettingItemDivider.swift */ = {isa = PBXFileReference; fileEncoding = 4; lastKnownFileType = sourcecode.swift; path = SettingItemDivider.swift; sourceTree = "<group>"; };
		17FBCC952C8C90F0009DE01E /* VolumeInputAlert.swift */ = {isa = PBXFileReference; fileEncoding = 4; lastKnownFileType = sourcecode.swift; path = VolumeInputAlert.swift; sourceTree = "<group>"; };
		17FBCC972C8C90F0009DE01E /* CheckCircleButtonToggleStyle.swift */ = {isa = PBXFileReference; fileEncoding = 4; lastKnownFileType = sourcecode.swift; path = CheckCircleButtonToggleStyle.swift; sourceTree = "<group>"; };
		17FBCC982C8C90F0009DE01E /* CircleButtonToggleStyle.swift */ = {isa = PBXFileReference; fileEncoding = 4; lastKnownFileType = sourcecode.swift; path = CircleButtonToggleStyle.swift; sourceTree = "<group>"; };
		17FBCC9A2C8C90F0009DE01E /* UIScreen+Dimensions.swift */ = {isa = PBXFileReference; fileEncoding = 4; lastKnownFileType = sourcecode.swift; path = "UIScreen+Dimensions.swift"; sourceTree = "<group>"; };
		17FBCCEE2C8E582C009DE01E /* ThemedColorView.swift */ = {isa = PBXFileReference; lastKnownFileType = sourcecode.swift; path = ThemedColorView.swift; sourceTree = "<group>"; };
		2154F9DEFB632EC4DFAA78EB /* Pods-DesignSystem.release.xcconfig */ = {isa = PBXFileReference; includeInIndex = 1; lastKnownFileType = text.xcconfig; name = "Pods-DesignSystem.release.xcconfig"; path = "Target Support Files/Pods-DesignSystem/Pods-DesignSystem.release.xcconfig"; sourceTree = "<group>"; };
		3460DC13B7C54C133A4E95AE /* Pods-DesignSystem.debug.xcconfig */ = {isa = PBXFileReference; includeInIndex = 1; lastKnownFileType = text.xcconfig; name = "Pods-DesignSystem.debug.xcconfig"; path = "Target Support Files/Pods-DesignSystem/Pods-DesignSystem.debug.xcconfig"; sourceTree = "<group>"; };
		52B18F627856FDD7D68DAD2B /* Pods_DesignSystemTests.framework */ = {isa = PBXFileReference; explicitFileType = wrapper.framework; includeInIndex = 0; path = Pods_DesignSystemTests.framework; sourceTree = BUILT_PRODUCTS_DIR; };
		7C46FD0EDE0C282E249814A0 /* Pods-DesignSystemTests.release.xcconfig */ = {isa = PBXFileReference; includeInIndex = 1; lastKnownFileType = text.xcconfig; name = "Pods-DesignSystemTests.release.xcconfig"; path = "Target Support Files/Pods-DesignSystemTests/Pods-DesignSystemTests.release.xcconfig"; sourceTree = "<group>"; };
		97AEBE8BFA4DD1DD2B2A6163 /* Pods-DesignSystemTests.debug.xcconfig */ = {isa = PBXFileReference; includeInIndex = 1; lastKnownFileType = text.xcconfig; name = "Pods-DesignSystemTests.debug.xcconfig"; path = "Target Support Files/Pods-DesignSystemTests/Pods-DesignSystemTests.debug.xcconfig"; sourceTree = "<group>"; };
		E91B8D82CA149E35762AD4DF /* Pods_DesignSystem.framework */ = {isa = PBXFileReference; explicitFileType = wrapper.framework; includeInIndex = 0; path = Pods_DesignSystem.framework; sourceTree = BUILT_PRODUCTS_DIR; };
/* End PBXFileReference section */

/* Begin PBXFrameworksBuildPhase section */
		1773650A2C8BD1D90017963A /* Frameworks */ = {
			isa = PBXFrameworksBuildPhase;
			buildActionMask = 2147483647;
			files = (
				EA7860AF37FD8984AE4FEF49 /* Pods_DesignSystem.framework in Frameworks */,
			);
			runOnlyForDeploymentPostprocessing = 0;
		};
		177365142C8BD1D90017963A /* Frameworks */ = {
			isa = PBXFrameworksBuildPhase;
			buildActionMask = 2147483647;
			files = (
				177365182C8BD1D90017963A /* DesignSystem.framework in Frameworks */,
				D22A8BEC2CFFF88B00E52A50 /* Pods_DesignSystemTests.framework in Frameworks */,
			);
			runOnlyForDeploymentPostprocessing = 0;
		};
/* End PBXFrameworksBuildPhase section */

/* Begin PBXGroup section */
		177365032C8BD1D90017963A = {
			isa = PBXGroup;
			children = (
				1773650F2C8BD1D90017963A /* DesignSystem */,
				1773651B2C8BD1D90017963A /* DesignSystemTests */,
				1773650E2C8BD1D90017963A /* Products */,
				6234C77C6C78186BC15F0F10 /* Pods */,
				FEFB97476956DE489209C7D2 /* Frameworks */,
			);
			sourceTree = "<group>";
		};
		1773650E2C8BD1D90017963A /* Products */ = {
			isa = PBXGroup;
			children = (
				1773650D2C8BD1D90017963A /* DesignSystem.framework */,
				177365172C8BD1D90017963A /* DesignSystemTests.xctest */,
			);
			name = Products;
			sourceTree = "<group>";
		};
		1773650F2C8BD1D90017963A /* DesignSystem */ = {
			isa = PBXGroup;
			children = (
				177365112C8BD1D90017963A /* DesignSystem.docc */,
				17FBCBD32C8BE4F2009DE01E /* Bundle.swift */,
				17FBCC962C8C90F0009DE01E /* Alerts */,
				17FBCC122C8C8759009DE01E /* Components */,
				17FBCC9B2C8C90F0009DE01E /* Dimensions */,
				17FBCBB42C8BDFE9009DE01E /* Resources */,
				17FBCC992C8C90F0009DE01E /* Styles */,
				17FBCB952C8BD72B009DE01E /* Themes */,
			);
			path = DesignSystem;
			sourceTree = "<group>";
		};
		1773651B2C8BD1D90017963A /* DesignSystemTests */ = {
			isa = PBXGroup;
			children = (
				1773651C2C8BD1D90017963A /* DesignSystemTests.swift */,
			);
			path = DesignSystemTests;
			sourceTree = "<group>";
		};
		17FBCB952C8BD72B009DE01E /* Themes */ = {
			isa = PBXGroup;
			children = (
				17FBCC092C8C8502009DE01E /* ThemeManager.swift */,
				17FBCB982C8BD774009DE01E /* DefaultTheme.swift */,
				17FBCB962C8BD774009DE01E /* ThemeProtocol.swift */,
				17FBCB972C8BD774009DE01E /* ThemeSetupUtil.swift */,
			);
			path = Themes;
			sourceTree = "<group>";
		};
		17FBCBA92C8BDFE9009DE01E /* Images */ = {
			isa = PBXGroup;
			children = (
				17FBCBCF2C8BE065009DE01E /* ImageResources.swift */,
			);
			path = Images;
			sourceTree = "<group>";
		};
		17FBCBB42C8BDFE9009DE01E /* Resources */ = {
			isa = PBXGroup;
			children = (
				17FBCBA92C8BDFE9009DE01E /* Images */,
				17FBCBB32C8BDFE9009DE01E /* Assets.xcassets */,
			);
			name = Resources;
			path = ../../../iosApp/Resources;
			sourceTree = "<group>";
		};
		17FBCC122C8C8759009DE01E /* Components */ = {
			isa = PBXGroup;
			children = (
				17FBCC0B2C8C8759009DE01E /* CardView.swift */,
				17FBCC0C2C8C8759009DE01E /* ColoredCircleChart.swift */,
				17FBCC0D2C8C8759009DE01E /* CustomAlertView.swift */,
				17FBCC0E2C8C8759009DE01E /* ScreenRootLayout.swift */,
				17FBCC0F2C8C8759009DE01E /* SettingGroupContainer.swift */,
				17FBCC102C8C8759009DE01E /* SettingItemContainer.swift */,
				17FBCC112C8C8759009DE01E /* SettingItemDivider.swift */,
				17FBCCEE2C8E582C009DE01E /* ThemedColorView.swift */,
			);
			name = Components;
			path = ../../../iosApp/Shared/UI/Components;
			sourceTree = "<group>";
		};
		17FBCC962C8C90F0009DE01E /* Alerts */ = {
			isa = PBXGroup;
			children = (
				17FBCC952C8C90F0009DE01E /* VolumeInputAlert.swift */,
			);
			name = Alerts;
			path = ../../../iosApp/Shared/UI/Alerts;
			sourceTree = "<group>";
		};
		17FBCC992C8C90F0009DE01E /* Styles */ = {
			isa = PBXGroup;
			children = (
				17FBCC972C8C90F0009DE01E /* CheckCircleButtonToggleStyle.swift */,
				17FBCC982C8C90F0009DE01E /* CircleButtonToggleStyle.swift */,
			);
			name = Styles;
			path = ../../../iosApp/Shared/UI/Styles;
			sourceTree = "<group>";
		};
		17FBCC9B2C8C90F0009DE01E /* Dimensions */ = {
			isa = PBXGroup;
			children = (
				17FBCC9A2C8C90F0009DE01E /* UIScreen+Dimensions.swift */,
			);
			name = Dimensions;
			path = ../../../iosApp/Shared/UI/Dimensions;
			sourceTree = "<group>";
		};
		6234C77C6C78186BC15F0F10 /* Pods */ = {
			isa = PBXGroup;
			children = (
				3460DC13B7C54C133A4E95AE /* Pods-DesignSystem.debug.xcconfig */,
				2154F9DEFB632EC4DFAA78EB /* Pods-DesignSystem.release.xcconfig */,
				97AEBE8BFA4DD1DD2B2A6163 /* Pods-DesignSystemTests.debug.xcconfig */,
				7C46FD0EDE0C282E249814A0 /* Pods-DesignSystemTests.release.xcconfig */,
			);
			name = Pods;
			path = ../../Pods;
			sourceTree = "<group>";
		};
		FEFB97476956DE489209C7D2 /* Frameworks */ = {
			isa = PBXGroup;
			children = (
				E91B8D82CA149E35762AD4DF /* Pods_DesignSystem.framework */,
				52B18F627856FDD7D68DAD2B /* Pods_DesignSystemTests.framework */,
			);
			name = Frameworks;
			sourceTree = "<group>";
		};
/* End PBXGroup section */

/* Begin PBXHeadersBuildPhase section */
		177365082C8BD1D90017963A /* Headers */ = {
			isa = PBXHeadersBuildPhase;
			buildActionMask = 2147483647;
			files = (
			);
			runOnlyForDeploymentPostprocessing = 0;
		};
/* End PBXHeadersBuildPhase section */

/* Begin PBXNativeTarget section */
		1773650C2C8BD1D90017963A /* DesignSystem */ = {
			isa = PBXNativeTarget;
			buildConfigurationList = 177365212C8BD1D90017963A /* Build configuration list for PBXNativeTarget "DesignSystem" */;
			buildPhases = (
				287DA670AA4C4AD20D41AF88 /* [CP] Check Pods Manifest.lock */,
				177365082C8BD1D90017963A /* Headers */,
				177365092C8BD1D90017963A /* Sources */,
				1773650A2C8BD1D90017963A /* Frameworks */,
				1773650B2C8BD1D90017963A /* Resources */,
			);
			buildRules = (
			);
			dependencies = (
			);
			name = DesignSystem;
			productName = DesignSystem;
			productReference = 1773650D2C8BD1D90017963A /* DesignSystem.framework */;
			productType = "com.apple.product-type.framework";
		};
		177365162C8BD1D90017963A /* DesignSystemTests */ = {
			isa = PBXNativeTarget;
			buildConfigurationList = 177365242C8BD1D90017963A /* Build configuration list for PBXNativeTarget "DesignSystemTests" */;
			buildPhases = (
				4A1E83EE91882D8E3B394BAE /* [CP] Check Pods Manifest.lock */,
				177365132C8BD1D90017963A /* Sources */,
				177365142C8BD1D90017963A /* Frameworks */,
				177365152C8BD1D90017963A /* Resources */,
			);
			buildRules = (
			);
			dependencies = (
				1773651A2C8BD1D90017963A /* PBXTargetDependency */,
			);
			name = DesignSystemTests;
			productName = DesignSystemTests;
			productReference = 177365172C8BD1D90017963A /* DesignSystemTests.xctest */;
			productType = "com.apple.product-type.bundle.unit-test";
		};
/* End PBXNativeTarget section */

/* Begin PBXProject section */
		177365042C8BD1D90017963A /* Project object */ = {
			isa = PBXProject;
			attributes = {
				BuildIndependentTargetsInParallel = 1;
				LastSwiftUpdateCheck = 1540;
				LastUpgradeCheck = 1540;
				TargetAttributes = {
					1773650C2C8BD1D90017963A = {
						CreatedOnToolsVersion = 15.4;
					};
					177365162C8BD1D90017963A = {
						CreatedOnToolsVersion = 15.4;
					};
				};
			};
			buildConfigurationList = 177365072C8BD1D90017963A /* Build configuration list for PBXProject "DesignSystem" */;
			compatibilityVersion = "Xcode 14.0";
			developmentRegion = en;
			hasScannedForEncodings = 0;
			knownRegions = (
				en,
				Base,
			);
			mainGroup = 177365032C8BD1D90017963A;
			productRefGroup = 1773650E2C8BD1D90017963A /* Products */;
			projectDirPath = "";
			projectRoot = "";
			targets = (
				1773650C2C8BD1D90017963A /* DesignSystem */,
				177365162C8BD1D90017963A /* DesignSystemTests */,
			);
		};
/* End PBXProject section */

/* Begin PBXResourcesBuildPhase section */
		1773650B2C8BD1D90017963A /* Resources */ = {
			isa = PBXResourcesBuildPhase;
			buildActionMask = 2147483647;
			files = (
				17FBCBBE2C8BDFEA009DE01E /* Assets.xcassets in Resources */,
			);
			runOnlyForDeploymentPostprocessing = 0;
		};
		177365152C8BD1D90017963A /* Resources */ = {
			isa = PBXResourcesBuildPhase;
			buildActionMask = 2147483647;
			files = (
			);
			runOnlyForDeploymentPostprocessing = 0;
		};
/* End PBXResourcesBuildPhase section */

/* Begin PBXShellScriptBuildPhase section */
		287DA670AA4C4AD20D41AF88 /* [CP] Check Pods Manifest.lock */ = {
			isa = PBXShellScriptBuildPhase;
			buildActionMask = 2147483647;
			files = (
			);
			inputFileListPaths = (
			);
			inputPaths = (
				"${PODS_PODFILE_DIR_PATH}/Podfile.lock",
				"${PODS_ROOT}/Manifest.lock",
			);
			name = "[CP] Check Pods Manifest.lock";
			outputFileListPaths = (
			);
			outputPaths = (
				"$(DERIVED_FILE_DIR)/Pods-DesignSystem-checkManifestLockResult.txt",
			);
			runOnlyForDeploymentPostprocessing = 0;
			shellPath = /bin/sh;
			shellScript = "diff \"${PODS_PODFILE_DIR_PATH}/Podfile.lock\" \"${PODS_ROOT}/Manifest.lock\" > /dev/null\nif [ $? != 0 ] ; then\n    # print error to STDERR\n    echo \"error: The sandbox is not in sync with the Podfile.lock. Run 'pod install' or update your CocoaPods installation.\" >&2\n    exit 1\nfi\n# This output is used by Xcode 'outputs' to avoid re-running this script phase.\necho \"SUCCESS\" > \"${SCRIPT_OUTPUT_FILE_0}\"\n";
			showEnvVarsInLog = 0;
		};
		4A1E83EE91882D8E3B394BAE /* [CP] Check Pods Manifest.lock */ = {
			isa = PBXShellScriptBuildPhase;
			buildActionMask = 2147483647;
			files = (
			);
			inputFileListPaths = (
			);
			inputPaths = (
				"${PODS_PODFILE_DIR_PATH}/Podfile.lock",
				"${PODS_ROOT}/Manifest.lock",
			);
			name = "[CP] Check Pods Manifest.lock";
			outputFileListPaths = (
			);
			outputPaths = (
				"$(DERIVED_FILE_DIR)/Pods-DesignSystemTests-checkManifestLockResult.txt",
			);
			runOnlyForDeploymentPostprocessing = 0;
			shellPath = /bin/sh;
			shellScript = "diff \"${PODS_PODFILE_DIR_PATH}/Podfile.lock\" \"${PODS_ROOT}/Manifest.lock\" > /dev/null\nif [ $? != 0 ] ; then\n    # print error to STDERR\n    echo \"error: The sandbox is not in sync with the Podfile.lock. Run 'pod install' or update your CocoaPods installation.\" >&2\n    exit 1\nfi\n# This output is used by Xcode 'outputs' to avoid re-running this script phase.\necho \"SUCCESS\" > \"${SCRIPT_OUTPUT_FILE_0}\"\n";
			showEnvVarsInLog = 0;
		};
/* End PBXShellScriptBuildPhase section */

/* Begin PBXSourcesBuildPhase section */
		177365092C8BD1D90017963A /* Sources */ = {
			isa = PBXSourcesBuildPhase;
			buildActionMask = 2147483647;
			files = (
				17FBCC132C8C8759009DE01E /* CardView.swift in Sources */,
				17FBCB9D2C8BD8D3009DE01E /* ThemeProtocol.swift in Sources */,
				17FBCC192C8C8759009DE01E /* SettingItemDivider.swift in Sources */,
				17FBCC172C8C8759009DE01E /* SettingGroupContainer.swift in Sources */,
				17FBCB9E2C8BD8D7009DE01E /* ThemeSetupUtil.swift in Sources */,
				17FBCCEF2C8E582C009DE01E /* ThemedColorView.swift in Sources */,
				17FBCC9F2C8C90F0009DE01E /* UIScreen+Dimensions.swift in Sources */,
				17FBCC152C8C8759009DE01E /* CustomAlertView.swift in Sources */,
				17FBCC182C8C8759009DE01E /* SettingItemContainer.swift in Sources */,
				17FBCB9C2C8BD8D0009DE01E /* DefaultTheme.swift in Sources */,
				17FBCBD42C8BE4F2009DE01E /* Bundle.swift in Sources */,
				17FBCC9C2C8C90F0009DE01E /* VolumeInputAlert.swift in Sources */,
				17FBCBD02C8BE065009DE01E /* ImageResources.swift in Sources */,
				17FBCC9D2C8C90F0009DE01E /* CheckCircleButtonToggleStyle.swift in Sources */,
				17FBCC9E2C8C90F0009DE01E /* CircleButtonToggleStyle.swift in Sources */,
				17FBCC0A2C8C8502009DE01E /* ThemeManager.swift in Sources */,
				17FBCC142C8C8759009DE01E /* ColoredCircleChart.swift in Sources */,
				17FBCC162C8C8759009DE01E /* ScreenRootLayout.swift in Sources */,
			);
			runOnlyForDeploymentPostprocessing = 0;
		};
		177365132C8BD1D90017963A /* Sources */ = {
			isa = PBXSourcesBuildPhase;
			buildActionMask = 2147483647;
			files = (
				1773651D2C8BD1D90017963A /* DesignSystemTests.swift in Sources */,
			);
			runOnlyForDeploymentPostprocessing = 0;
		};
/* End PBXSourcesBuildPhase section */

/* Begin PBXTargetDependency section */
		1773651A2C8BD1D90017963A /* PBXTargetDependency */ = {
			isa = PBXTargetDependency;
			target = 1773650C2C8BD1D90017963A /* DesignSystem */;
			targetProxy = 177365192C8BD1D90017963A /* PBXContainerItemProxy */;
		};
/* End PBXTargetDependency section */

/* Begin XCBuildConfiguration section */
		1773651F2C8BD1D90017963A /* Debug */ = {
			isa = XCBuildConfiguration;
			buildSettings = {
				ALWAYS_SEARCH_USER_PATHS = NO;
				ASSETCATALOG_COMPILER_GENERATE_SWIFT_ASSET_SYMBOL_EXTENSIONS = YES;
				CLANG_ANALYZER_NONNULL = YES;
				CLANG_ANALYZER_NUMBER_OBJECT_CONVERSION = YES_AGGRESSIVE;
				CLANG_CXX_LANGUAGE_STANDARD = "gnu++20";
				CLANG_ENABLE_MODULES = YES;
				CLANG_ENABLE_OBJC_ARC = YES;
				CLANG_ENABLE_OBJC_WEAK = YES;
				CLANG_WARN_BLOCK_CAPTURE_AUTORELEASING = YES;
				CLANG_WARN_BOOL_CONVERSION = YES;
				CLANG_WARN_COMMA = YES;
				CLANG_WARN_CONSTANT_CONVERSION = YES;
				CLANG_WARN_DEPRECATED_OBJC_IMPLEMENTATIONS = YES;
				CLANG_WARN_DIRECT_OBJC_ISA_USAGE = YES_ERROR;
				CLANG_WARN_DOCUMENTATION_COMMENTS = YES;
				CLANG_WARN_EMPTY_BODY = YES;
				CLANG_WARN_ENUM_CONVERSION = YES;
				CLANG_WARN_INFINITE_RECURSION = YES;
				CLANG_WARN_INT_CONVERSION = YES;
				CLANG_WARN_NON_LITERAL_NULL_CONVERSION = YES;
				CLANG_WARN_OBJC_IMPLICIT_RETAIN_SELF = YES;
				CLANG_WARN_OBJC_LITERAL_CONVERSION = YES;
				CLANG_WARN_OBJC_ROOT_CLASS = YES_ERROR;
				CLANG_WARN_QUOTED_INCLUDE_IN_FRAMEWORK_HEADER = YES;
				CLANG_WARN_RANGE_LOOP_ANALYSIS = YES;
				CLANG_WARN_STRICT_PROTOTYPES = YES;
				CLANG_WARN_SUSPICIOUS_MOVE = YES;
				CLANG_WARN_UNGUARDED_AVAILABILITY = YES_AGGRESSIVE;
				CLANG_WARN_UNREACHABLE_CODE = YES;
				CLANG_WARN__DUPLICATE_METHOD_MATCH = YES;
				COPY_PHASE_STRIP = NO;
				CURRENT_PROJECT_VERSION = 1;
				DEBUG_INFORMATION_FORMAT = dwarf;
				ENABLE_STRICT_OBJC_MSGSEND = YES;
				ENABLE_TESTABILITY = YES;
				ENABLE_USER_SCRIPT_SANDBOXING = YES;
				GCC_C_LANGUAGE_STANDARD = gnu17;
				GCC_DYNAMIC_NO_PIC = NO;
				GCC_NO_COMMON_BLOCKS = YES;
				GCC_OPTIMIZATION_LEVEL = 0;
				GCC_PREPROCESSOR_DEFINITIONS = (
					"DEBUG=1",
					"$(inherited)",
				);
				GCC_WARN_64_TO_32_BIT_CONVERSION = YES;
				GCC_WARN_ABOUT_RETURN_TYPE = YES_ERROR;
				GCC_WARN_UNDECLARED_SELECTOR = YES;
				GCC_WARN_UNINITIALIZED_AUTOS = YES_AGGRESSIVE;
				GCC_WARN_UNUSED_FUNCTION = YES;
				GCC_WARN_UNUSED_VARIABLE = YES;
				IPHONEOS_DEPLOYMENT_TARGET = 17.5;
				LOCALIZATION_PREFERS_STRING_CATALOGS = YES;
				MTL_ENABLE_DEBUG_INFO = INCLUDE_SOURCE;
				MTL_FAST_MATH = YES;
				ONLY_ACTIVE_ARCH = YES;
				SDKROOT = iphoneos;
				SWIFT_ACTIVE_COMPILATION_CONDITIONS = "DEBUG $(inherited)";
				SWIFT_OPTIMIZATION_LEVEL = "-Onone";
				VERSIONING_SYSTEM = "apple-generic";
				VERSION_INFO_PREFIX = "";
			};
			name = Debug;
		};
		177365202C8BD1D90017963A /* Release */ = {
			isa = XCBuildConfiguration;
			buildSettings = {
				ALWAYS_SEARCH_USER_PATHS = NO;
				ASSETCATALOG_COMPILER_GENERATE_SWIFT_ASSET_SYMBOL_EXTENSIONS = YES;
				CLANG_ANALYZER_NONNULL = YES;
				CLANG_ANALYZER_NUMBER_OBJECT_CONVERSION = YES_AGGRESSIVE;
				CLANG_CXX_LANGUAGE_STANDARD = "gnu++20";
				CLANG_ENABLE_MODULES = YES;
				CLANG_ENABLE_OBJC_ARC = YES;
				CLANG_ENABLE_OBJC_WEAK = YES;
				CLANG_WARN_BLOCK_CAPTURE_AUTORELEASING = YES;
				CLANG_WARN_BOOL_CONVERSION = YES;
				CLANG_WARN_COMMA = YES;
				CLANG_WARN_CONSTANT_CONVERSION = YES;
				CLANG_WARN_DEPRECATED_OBJC_IMPLEMENTATIONS = YES;
				CLANG_WARN_DIRECT_OBJC_ISA_USAGE = YES_ERROR;
				CLANG_WARN_DOCUMENTATION_COMMENTS = YES;
				CLANG_WARN_EMPTY_BODY = YES;
				CLANG_WARN_ENUM_CONVERSION = YES;
				CLANG_WARN_INFINITE_RECURSION = YES;
				CLANG_WARN_INT_CONVERSION = YES;
				CLANG_WARN_NON_LITERAL_NULL_CONVERSION = YES;
				CLANG_WARN_OBJC_IMPLICIT_RETAIN_SELF = YES;
				CLANG_WARN_OBJC_LITERAL_CONVERSION = YES;
				CLANG_WARN_OBJC_ROOT_CLASS = YES_ERROR;
				CLANG_WARN_QUOTED_INCLUDE_IN_FRAMEWORK_HEADER = YES;
				CLANG_WARN_RANGE_LOOP_ANALYSIS = YES;
				CLANG_WARN_STRICT_PROTOTYPES = YES;
				CLANG_WARN_SUSPICIOUS_MOVE = YES;
				CLANG_WARN_UNGUARDED_AVAILABILITY = YES_AGGRESSIVE;
				CLANG_WARN_UNREACHABLE_CODE = YES;
				CLANG_WARN__DUPLICATE_METHOD_MATCH = YES;
				COPY_PHASE_STRIP = NO;
				CURRENT_PROJECT_VERSION = 1;
				DEBUG_INFORMATION_FORMAT = "dwarf-with-dsym";
				ENABLE_NS_ASSERTIONS = NO;
				ENABLE_STRICT_OBJC_MSGSEND = YES;
				ENABLE_USER_SCRIPT_SANDBOXING = YES;
				GCC_C_LANGUAGE_STANDARD = gnu17;
				GCC_NO_COMMON_BLOCKS = YES;
				GCC_WARN_64_TO_32_BIT_CONVERSION = YES;
				GCC_WARN_ABOUT_RETURN_TYPE = YES_ERROR;
				GCC_WARN_UNDECLARED_SELECTOR = YES;
				GCC_WARN_UNINITIALIZED_AUTOS = YES_AGGRESSIVE;
				GCC_WARN_UNUSED_FUNCTION = YES;
				GCC_WARN_UNUSED_VARIABLE = YES;
				IPHONEOS_DEPLOYMENT_TARGET = 17.5;
				LOCALIZATION_PREFERS_STRING_CATALOGS = YES;
				MTL_ENABLE_DEBUG_INFO = NO;
				MTL_FAST_MATH = YES;
				SDKROOT = iphoneos;
				SWIFT_COMPILATION_MODE = wholemodule;
				VALIDATE_PRODUCT = YES;
				VERSIONING_SYSTEM = "apple-generic";
				VERSION_INFO_PREFIX = "";
			};
			name = Release;
		};
		177365222C8BD1D90017963A /* Debug */ = {
			isa = XCBuildConfiguration;
			baseConfigurationReference = 3460DC13B7C54C133A4E95AE /* Pods-DesignSystem.debug.xcconfig */;
			buildSettings = {
				BUILD_LIBRARY_FOR_DISTRIBUTION = YES;
				CODE_SIGN_STYLE = Automatic;
				CURRENT_PROJECT_VERSION = 1;
				DEFINES_MODULE = YES;
				DEVELOPMENT_TEAM = N53G66Q5CM;
				DYLIB_COMPATIBILITY_VERSION = 1;
				DYLIB_CURRENT_VERSION = 1;
				DYLIB_INSTALL_NAME_BASE = "@rpath";
				ENABLE_MODULE_VERIFIER = YES;
				GENERATE_INFOPLIST_FILE = YES;
				INFOPLIST_KEY_NSHumanReadableCopyright = "";
				INSTALL_PATH = "$(LOCAL_LIBRARY_DIR)/Frameworks";
				LD_RUNPATH_SEARCH_PATHS = (
					"$(inherited)",
					"@executable_path/Frameworks",
					"@loader_path/Frameworks",
				);
				MARKETING_VERSION = 1.0;
				MODULE_VERIFIER_SUPPORTED_LANGUAGES = "objective-c objective-c++";
				MODULE_VERIFIER_SUPPORTED_LANGUAGE_STANDARDS = "gnu17 gnu++20";
				PRODUCT_BUNDLE_IDENTIFIER = com.github.lucascalheiros.DesignSystem;
				PRODUCT_NAME = "$(TARGET_NAME:c99extidentifier)";
				SKIP_INSTALL = YES;
				SWIFT_EMIT_LOC_STRINGS = YES;
				SWIFT_INSTALL_OBJC_HEADER = NO;
				SWIFT_VERSION = 5.0;
				TARGETED_DEVICE_FAMILY = "1,2";
			};
			name = Debug;
		};
		177365232C8BD1D90017963A /* Release */ = {
			isa = XCBuildConfiguration;
			baseConfigurationReference = 2154F9DEFB632EC4DFAA78EB /* Pods-DesignSystem.release.xcconfig */;
			buildSettings = {
				BUILD_LIBRARY_FOR_DISTRIBUTION = YES;
				CODE_SIGN_STYLE = Automatic;
				CURRENT_PROJECT_VERSION = 1;
				DEFINES_MODULE = YES;
				DEVELOPMENT_TEAM = N53G66Q5CM;
				DYLIB_COMPATIBILITY_VERSION = 1;
				DYLIB_CURRENT_VERSION = 1;
				DYLIB_INSTALL_NAME_BASE = "@rpath";
				ENABLE_MODULE_VERIFIER = YES;
				GENERATE_INFOPLIST_FILE = YES;
				INFOPLIST_KEY_NSHumanReadableCopyright = "";
				INSTALL_PATH = "$(LOCAL_LIBRARY_DIR)/Frameworks";
				LD_RUNPATH_SEARCH_PATHS = (
					"$(inherited)",
					"@executable_path/Frameworks",
					"@loader_path/Frameworks",
				);
				MARKETING_VERSION = 1.0;
				MODULE_VERIFIER_SUPPORTED_LANGUAGES = "objective-c objective-c++";
				MODULE_VERIFIER_SUPPORTED_LANGUAGE_STANDARDS = "gnu17 gnu++20";
				PRODUCT_BUNDLE_IDENTIFIER = com.github.lucascalheiros.DesignSystem;
				PRODUCT_NAME = "$(TARGET_NAME:c99extidentifier)";
				SKIP_INSTALL = YES;
				SWIFT_EMIT_LOC_STRINGS = YES;
				SWIFT_INSTALL_OBJC_HEADER = NO;
				SWIFT_VERSION = 5.0;
				TARGETED_DEVICE_FAMILY = "1,2";
			};
			name = Release;
		};
		177365252C8BD1D90017963A /* Debug */ = {
			isa = XCBuildConfiguration;
			baseConfigurationReference = 97AEBE8BFA4DD1DD2B2A6163 /* Pods-DesignSystemTests.debug.xcconfig */;
			buildSettings = {
				ALWAYS_EMBED_SWIFT_STANDARD_LIBRARIES = YES;
				CODE_SIGN_STYLE = Automatic;
				CURRENT_PROJECT_VERSION = 1;
				DEVELOPMENT_TEAM = N53G66Q5CM;
				GENERATE_INFOPLIST_FILE = YES;
				MARKETING_VERSION = 1.0;
				PRODUCT_BUNDLE_IDENTIFIER = com.github.lucascalheiros.DesignSystemTests;
				PRODUCT_NAME = "$(TARGET_NAME)";
				SWIFT_EMIT_LOC_STRINGS = NO;
				SWIFT_VERSION = 5.0;
				TARGETED_DEVICE_FAMILY = "1,2";
			};
			name = Debug;
		};
		177365262C8BD1D90017963A /* Release */ = {
			isa = XCBuildConfiguration;
			baseConfigurationReference = 7C46FD0EDE0C282E249814A0 /* Pods-DesignSystemTests.release.xcconfig */;
			buildSettings = {
				ALWAYS_EMBED_SWIFT_STANDARD_LIBRARIES = YES;
				CODE_SIGN_STYLE = Automatic;
				CURRENT_PROJECT_VERSION = 1;
				DEVELOPMENT_TEAM = N53G66Q5CM;
				GENERATE_INFOPLIST_FILE = YES;
				MARKETING_VERSION = 1.0;
				PRODUCT_BUNDLE_IDENTIFIER = com.github.lucascalheiros.DesignSystemTests;
				PRODUCT_NAME = "$(TARGET_NAME)";
				SWIFT_EMIT_LOC_STRINGS = NO;
				SWIFT_VERSION = 5.0;
				TARGETED_DEVICE_FAMILY = "1,2";
			};
			name = Release;
		};
/* End XCBuildConfiguration section */

/* Begin XCConfigurationList section */
		177365072C8BD1D90017963A /* Build configuration list for PBXProject "DesignSystem" */ = {
			isa = XCConfigurationList;
			buildConfigurations = (
				1773651F2C8BD1D90017963A /* Debug */,
				177365202C8BD1D90017963A /* Release */,
			);
			defaultConfigurationIsVisible = 0;
			defaultConfigurationName = Release;
		};
		177365212C8BD1D90017963A /* Build configuration list for PBXNativeTarget "DesignSystem" */ = {
			isa = XCConfigurationList;
			buildConfigurations = (
				177365222C8BD1D90017963A /* Debug */,
				177365232C8BD1D90017963A /* Release */,
			);
			defaultConfigurationIsVisible = 0;
			defaultConfigurationName = Release;
		};
		177365242C8BD1D90017963A /* Build configuration list for PBXNativeTarget "DesignSystemTests" */ = {
			isa = XCConfigurationList;
			buildConfigurations = (
				177365252C8BD1D90017963A /* Debug */,
				177365262C8BD1D90017963A /* Release */,
			);
			defaultConfigurationIsVisible = 0;
			defaultConfigurationName = Release;
		};
/* End XCConfigurationList section */
	};
	rootObject = 177365042C8BD1D90017963A /* Project object */;
}
