// !$*UTF8*$!
{
	archiveVersion = 1;
	classes = {
	};
	objectVersion = 56;
	objects = {

/* Begin PBXBuildFile section */
		171E13B92C92657A000FC8CC /* FirstAccessSR.swift in Sources */ = {isa = PBXBuildFile; fileRef = 171E13B82C92657A000FC8CC /* FirstAccessSR.swift */; };
		171E13BB2C926675000FC8CC /* FirstAccess.xcstrings in Resources */ = {isa = PBXBuildFile; fileRef = 171E13BA2C926675000FC8CC /* FirstAccess.xcstrings */; };
		17774A992CACB1560009B396 /* FirstAccessScreens.swift in Sources */ = {isa = PBXBuildFile; fileRef = 17774A982CACB1560009B396 /* FirstAccessScreens.swift */; };
		17774A9C2CACB1860009B396 /* PrimaryButton.swift in Sources */ = {isa = PBXBuildFile; fileRef = 17774A9B2CACB1860009B396 /* PrimaryButton.swift */; };
		17774A9E2CACB1A20009B396 /* SecondaryButton.swift in Sources */ = {isa = PBXBuildFile; fileRef = 17774A9D2CACB1A20009B396 /* SecondaryButton.swift */; };
		17774AA02CACB54F0009B396 /* Line.swift in Sources */ = {isa = PBXBuildFile; fileRef = 17774A9F2CACB54F0009B396 /* Line.swift */; };
		177BB8C82C911914001D8712 /* FirstAccess.docc in Sources */ = {isa = PBXBuildFile; fileRef = 177BB8C72C911914001D8712 /* FirstAccess.docc */; };
		177BB8CE2C911914001D8712 /* FirstAccess.framework in Frameworks */ = {isa = PBXBuildFile; fileRef = 177BB8C32C911914001D8712 /* FirstAccess.framework */; };
		177BB8D32C911914001D8712 /* FirstAccessTests.swift in Sources */ = {isa = PBXBuildFile; fileRef = 177BB8D22C911914001D8712 /* FirstAccessTests.swift */; };
		177BB8D42C911914001D8712 /* FirstAccess.h in Headers */ = {isa = PBXBuildFile; fileRef = 177BB8C62C911914001D8712 /* FirstAccess.h */; settings = {ATTRIBUTES = (Public, ); }; };
		177BB8DE2C911C00001D8712 /* FirstAccessScreen.swift in Sources */ = {isa = PBXBuildFile; fileRef = 177BB8DD2C911C00001D8712 /* FirstAccessScreen.swift */; };
		177BB8E02C911EB5001D8712 /* WelcomeScreen.swift in Sources */ = {isa = PBXBuildFile; fileRef = 177BB8DF2C911EB5001D8712 /* WelcomeScreen.swift */; };
		177BB8E22C911F1A001D8712 /* WeightInputScreen.swift in Sources */ = {isa = PBXBuildFile; fileRef = 177BB8E12C911F1A001D8712 /* WeightInputScreen.swift */; };
		177BB8E82C9121B8001D8712 /* DesignSystem.framework in Frameworks */ = {isa = PBXBuildFile; fileRef = 177BB8E72C9121B8001D8712 /* DesignSystem.framework */; };
		177BB8E92C9121B8001D8712 /* DesignSystem.framework in Embed Frameworks */ = {isa = PBXBuildFile; fileRef = 177BB8E72C9121B8001D8712 /* DesignSystem.framework */; settings = {ATTRIBUTES = (CodeSignOnCopy, RemoveHeadersOnCopy, ); }; };
		177BB8EC2C9121BB001D8712 /* Core.framework in Frameworks */ = {isa = PBXBuildFile; fileRef = 177BB8EB2C9121BB001D8712 /* Core.framework */; };
		177BB8ED2C9121BB001D8712 /* Core.framework in Embed Frameworks */ = {isa = PBXBuildFile; fileRef = 177BB8EB2C9121BB001D8712 /* Core.framework */; settings = {ATTRIBUTES = (CodeSignOnCopy, RemoveHeadersOnCopy, ); }; };
		177BB8EF2C9121C2001D8712 /* Util.framework in Frameworks */ = {isa = PBXBuildFile; fileRef = 177BB8EE2C9121C2001D8712 /* Util.framework */; };
		177BB8F02C9121C2001D8712 /* Util.framework in Embed Frameworks */ = {isa = PBXBuildFile; fileRef = 177BB8EE2C9121C2001D8712 /* Util.framework */; settings = {ATTRIBUTES = (CodeSignOnCopy, RemoveHeadersOnCopy, ); }; };
		177BB8F22C91337D001D8712 /* ActivityLevelInputScreen.swift in Sources */ = {isa = PBXBuildFile; fileRef = 177BB8F12C91337D001D8712 /* ActivityLevelInputScreen.swift */; };
		177BB8F42C913391001D8712 /* TemperatureLevelInputScreen.swift in Sources */ = {isa = PBXBuildFile; fileRef = 177BB8F32C913391001D8712 /* TemperatureLevelInputScreen.swift */; };
		177BB8F62C9133A2001D8712 /* NotificationInputScreen.swift in Sources */ = {isa = PBXBuildFile; fileRef = 177BB8F52C9133A2001D8712 /* NotificationInputScreen.swift */; };
		177BB8F82C9133AE001D8712 /* ConfirmationScreen.swift in Sources */ = {isa = PBXBuildFile; fileRef = 177BB8F72C9133AE001D8712 /* ConfirmationScreen.swift */; };
/* End PBXBuildFile section */

/* Begin PBXContainerItemProxy section */
		177BB8CF2C911914001D8712 /* PBXContainerItemProxy */ = {
			isa = PBXContainerItemProxy;
			containerPortal = 177BB8BA2C911914001D8712 /* Project object */;
			proxyType = 1;
			remoteGlobalIDString = 177BB8C22C911914001D8712;
			remoteInfo = FirstAccess;
		};
/* End PBXContainerItemProxy section */

/* Begin PBXCopyFilesBuildPhase section */
		177BB8EA2C9121B8001D8712 /* Embed Frameworks */ = {
			isa = PBXCopyFilesBuildPhase;
			buildActionMask = 2147483647;
			dstPath = "";
			dstSubfolderSpec = 10;
			files = (
				177BB8F02C9121C2001D8712 /* Util.framework in Embed Frameworks */,
				177BB8E92C9121B8001D8712 /* DesignSystem.framework in Embed Frameworks */,
				177BB8ED2C9121BB001D8712 /* Core.framework in Embed Frameworks */,
			);
			name = "Embed Frameworks";
			runOnlyForDeploymentPostprocessing = 0;
		};
/* End PBXCopyFilesBuildPhase section */

/* Begin PBXFileReference section */
		171E13B82C92657A000FC8CC /* FirstAccessSR.swift */ = {isa = PBXFileReference; lastKnownFileType = sourcecode.swift; path = FirstAccessSR.swift; sourceTree = "<group>"; };
		171E13BA2C926675000FC8CC /* FirstAccess.xcstrings */ = {isa = PBXFileReference; lastKnownFileType = text.json.xcstrings; path = FirstAccess.xcstrings; sourceTree = "<group>"; };
		172F1EE72CAE1D9900A2DAD2 /* FirstAccess.xcstrings */ = {isa = PBXFileReference; lastKnownFileType = text.json.xcstrings; path = FirstAccess.xcstrings; sourceTree = "<group>"; };
		172F1EE82CAE1D9900A2DAD2 /* FirstAccessSR.swift */ = {isa = PBXFileReference; lastKnownFileType = sourcecode.swift; path = FirstAccessSR.swift; sourceTree = "<group>"; };
		172F1EEB2CAE1D9900A2DAD2 /* Line.swift */ = {isa = PBXFileReference; lastKnownFileType = sourcecode.swift; path = Line.swift; sourceTree = "<group>"; };
		172F1EEC2CAE1D9900A2DAD2 /* PrimaryButton.swift */ = {isa = PBXFileReference; lastKnownFileType = sourcecode.swift; path = PrimaryButton.swift; sourceTree = "<group>"; };
		172F1EED2CAE1D9900A2DAD2 /* SecondaryButton.swift */ = {isa = PBXFileReference; lastKnownFileType = sourcecode.swift; path = SecondaryButton.swift; sourceTree = "<group>"; };
		172F1EEF2CAE1D9900A2DAD2 /* FirstAccessScreens.swift */ = {isa = PBXFileReference; lastKnownFileType = sourcecode.swift; path = FirstAccessScreens.swift; sourceTree = "<group>"; };
		172F1EF12CAE1D9900A2DAD2 /* ActivityLevelInputScreen.swift */ = {isa = PBXFileReference; lastKnownFileType = sourcecode.swift; path = ActivityLevelInputScreen.swift; sourceTree = "<group>"; };
		172F1EF22CAE1D9900A2DAD2 /* ConfirmationScreen.swift */ = {isa = PBXFileReference; lastKnownFileType = sourcecode.swift; path = ConfirmationScreen.swift; sourceTree = "<group>"; };
		172F1EF32CAE1D9900A2DAD2 /* FirstAccessScreen.swift */ = {isa = PBXFileReference; lastKnownFileType = sourcecode.swift; path = FirstAccessScreen.swift; sourceTree = "<group>"; };
		172F1EF42CAE1D9900A2DAD2 /* NotificationInputScreen.swift */ = {isa = PBXFileReference; lastKnownFileType = sourcecode.swift; path = NotificationInputScreen.swift; sourceTree = "<group>"; };
		172F1EF52CAE1D9900A2DAD2 /* TemperatureLevelInputScreen.swift */ = {isa = PBXFileReference; lastKnownFileType = sourcecode.swift; path = TemperatureLevelInputScreen.swift; sourceTree = "<group>"; };
		172F1EF62CAE1D9900A2DAD2 /* WeightInputScreen.swift */ = {isa = PBXFileReference; lastKnownFileType = sourcecode.swift; path = WeightInputScreen.swift; sourceTree = "<group>"; };
		172F1EF72CAE1D9900A2DAD2 /* WelcomeScreen.swift */ = {isa = PBXFileReference; lastKnownFileType = sourcecode.swift; path = WelcomeScreen.swift; sourceTree = "<group>"; };
		172F1EF92CAE1D9900A2DAD2 /* FirstAccess.docc */ = {isa = PBXFileReference; lastKnownFileType = folder.documentationcatalog; path = FirstAccess.docc; sourceTree = "<group>"; };
		172F1EFA2CAE1D9900A2DAD2 /* FirstAccess.h */ = {isa = PBXFileReference; lastKnownFileType = sourcecode.c.h; path = FirstAccess.h; sourceTree = "<group>"; };
		172F1EFC2CAE1D9900A2DAD2 /* FirstAccessTests.swift */ = {isa = PBXFileReference; lastKnownFileType = sourcecode.swift; path = FirstAccessTests.swift; sourceTree = "<group>"; };
		172F1EFE2CAE1D9900A2DAD2 /* FirstAccess.xcodeproj */ = {isa = PBXFileReference; lastKnownFileType = "wrapper.pb-project"; path = FirstAccess.xcodeproj; sourceTree = "<group>"; };
		172F1F022CAE1D9900A2DAD2 /* FirstAccess.xcstrings */ = {isa = PBXFileReference; lastKnownFileType = text.json.xcstrings; path = FirstAccess.xcstrings; sourceTree = "<group>"; };
		172F1F032CAE1D9900A2DAD2 /* FirstAccessSR.swift */ = {isa = PBXFileReference; lastKnownFileType = sourcecode.swift; path = FirstAccessSR.swift; sourceTree = "<group>"; };
		172F1F062CAE1D9900A2DAD2 /* Line.swift */ = {isa = PBXFileReference; lastKnownFileType = sourcecode.swift; path = Line.swift; sourceTree = "<group>"; };
		172F1F072CAE1D9900A2DAD2 /* PrimaryButton.swift */ = {isa = PBXFileReference; lastKnownFileType = sourcecode.swift; path = PrimaryButton.swift; sourceTree = "<group>"; };
		172F1F082CAE1D9900A2DAD2 /* SecondaryButton.swift */ = {isa = PBXFileReference; lastKnownFileType = sourcecode.swift; path = SecondaryButton.swift; sourceTree = "<group>"; };
		172F1F0A2CAE1D9900A2DAD2 /* FirstAccessScreens.swift */ = {isa = PBXFileReference; lastKnownFileType = sourcecode.swift; path = FirstAccessScreens.swift; sourceTree = "<group>"; };
		172F1F0C2CAE1D9900A2DAD2 /* ActivityLevelInputScreen.swift */ = {isa = PBXFileReference; lastKnownFileType = sourcecode.swift; path = ActivityLevelInputScreen.swift; sourceTree = "<group>"; };
		172F1F0D2CAE1D9900A2DAD2 /* ConfirmationScreen.swift */ = {isa = PBXFileReference; lastKnownFileType = sourcecode.swift; path = ConfirmationScreen.swift; sourceTree = "<group>"; };
		172F1F0E2CAE1D9900A2DAD2 /* FirstAccessScreen.swift */ = {isa = PBXFileReference; lastKnownFileType = sourcecode.swift; path = FirstAccessScreen.swift; sourceTree = "<group>"; };
		172F1F0F2CAE1D9900A2DAD2 /* NotificationInputScreen.swift */ = {isa = PBXFileReference; lastKnownFileType = sourcecode.swift; path = NotificationInputScreen.swift; sourceTree = "<group>"; };
		172F1F102CAE1D9900A2DAD2 /* TemperatureLevelInputScreen.swift */ = {isa = PBXFileReference; lastKnownFileType = sourcecode.swift; path = TemperatureLevelInputScreen.swift; sourceTree = "<group>"; };
		172F1F112CAE1D9900A2DAD2 /* WeightInputScreen.swift */ = {isa = PBXFileReference; lastKnownFileType = sourcecode.swift; path = WeightInputScreen.swift; sourceTree = "<group>"; };
		172F1F122CAE1D9900A2DAD2 /* WelcomeScreen.swift */ = {isa = PBXFileReference; lastKnownFileType = sourcecode.swift; path = WelcomeScreen.swift; sourceTree = "<group>"; };
		172F1F142CAE1D9900A2DAD2 /* FirstAccess.docc */ = {isa = PBXFileReference; lastKnownFileType = folder.documentationcatalog; path = FirstAccess.docc; sourceTree = "<group>"; };
		172F1F152CAE1D9900A2DAD2 /* FirstAccess.h */ = {isa = PBXFileReference; lastKnownFileType = sourcecode.c.h; path = FirstAccess.h; sourceTree = "<group>"; };
		172F1F172CAE1D9900A2DAD2 /* FirstAccess.xcodeproj */ = {isa = PBXFileReference; lastKnownFileType = "wrapper.pb-project"; path = FirstAccess.xcodeproj; sourceTree = "<group>"; };
		172F1F1A2CAE1D9900A2DAD2 /* FirstAccessTests.swift */ = {isa = PBXFileReference; lastKnownFileType = sourcecode.swift; path = FirstAccessTests.swift; sourceTree = "<group>"; };
		172F1F1C2CAE1D9900A2DAD2 /* FirstAccess.xcstrings */ = {isa = PBXFileReference; lastKnownFileType = text.json.xcstrings; path = FirstAccess.xcstrings; sourceTree = "<group>"; };
		172F1F1D2CAE1D9900A2DAD2 /* FirstAccessSR.swift */ = {isa = PBXFileReference; lastKnownFileType = sourcecode.swift; path = FirstAccessSR.swift; sourceTree = "<group>"; };
		172F1F202CAE1D9900A2DAD2 /* Line.swift */ = {isa = PBXFileReference; lastKnownFileType = sourcecode.swift; path = Line.swift; sourceTree = "<group>"; };
		172F1F212CAE1D9900A2DAD2 /* PrimaryButton.swift */ = {isa = PBXFileReference; lastKnownFileType = sourcecode.swift; path = PrimaryButton.swift; sourceTree = "<group>"; };
		172F1F222CAE1D9900A2DAD2 /* SecondaryButton.swift */ = {isa = PBXFileReference; lastKnownFileType = sourcecode.swift; path = SecondaryButton.swift; sourceTree = "<group>"; };
		172F1F242CAE1D9900A2DAD2 /* FirstAccessScreens.swift */ = {isa = PBXFileReference; lastKnownFileType = sourcecode.swift; path = FirstAccessScreens.swift; sourceTree = "<group>"; };
		172F1F262CAE1D9900A2DAD2 /* ActivityLevelInputScreen.swift */ = {isa = PBXFileReference; lastKnownFileType = sourcecode.swift; path = ActivityLevelInputScreen.swift; sourceTree = "<group>"; };
		172F1F272CAE1D9900A2DAD2 /* ConfirmationScreen.swift */ = {isa = PBXFileReference; lastKnownFileType = sourcecode.swift; path = ConfirmationScreen.swift; sourceTree = "<group>"; };
		172F1F282CAE1D9900A2DAD2 /* FirstAccessScreen.swift */ = {isa = PBXFileReference; lastKnownFileType = sourcecode.swift; path = FirstAccessScreen.swift; sourceTree = "<group>"; };
		172F1F292CAE1D9900A2DAD2 /* NotificationInputScreen.swift */ = {isa = PBXFileReference; lastKnownFileType = sourcecode.swift; path = NotificationInputScreen.swift; sourceTree = "<group>"; };
		172F1F2A2CAE1D9900A2DAD2 /* TemperatureLevelInputScreen.swift */ = {isa = PBXFileReference; lastKnownFileType = sourcecode.swift; path = TemperatureLevelInputScreen.swift; sourceTree = "<group>"; };
		172F1F2B2CAE1D9900A2DAD2 /* WeightInputScreen.swift */ = {isa = PBXFileReference; lastKnownFileType = sourcecode.swift; path = WeightInputScreen.swift; sourceTree = "<group>"; };
		172F1F2C2CAE1D9900A2DAD2 /* WelcomeScreen.swift */ = {isa = PBXFileReference; lastKnownFileType = sourcecode.swift; path = WelcomeScreen.swift; sourceTree = "<group>"; };
		172F1F2E2CAE1D9900A2DAD2 /* FirstAccess.h */ = {isa = PBXFileReference; lastKnownFileType = sourcecode.c.h; path = FirstAccess.h; sourceTree = "<group>"; };
		172F1F2F2CAE1D9900A2DAD2 /* FirstAccess.docc */ = {isa = PBXFileReference; lastKnownFileType = folder.documentationcatalog; path = FirstAccess.docc; sourceTree = "<group>"; };
		172F1F302CAE1D9900A2DAD2 /* FirstAccessTests.swift */ = {isa = PBXFileReference; lastKnownFileType = sourcecode.swift; path = FirstAccessTests.swift; sourceTree = "<group>"; };
		172F1F312CAE1D9900A2DAD2 /* FirstAccess.xcstrings */ = {isa = PBXFileReference; lastKnownFileType = text.json.xcstrings; path = FirstAccess.xcstrings; sourceTree = "<group>"; };
		172F1F322CAE1D9900A2DAD2 /* FirstAccessSR.swift */ = {isa = PBXFileReference; lastKnownFileType = sourcecode.swift; path = FirstAccessSR.swift; sourceTree = "<group>"; };
		172F1F342CAE1D9900A2DAD2 /* WelcomeScreen.swift */ = {isa = PBXFileReference; lastKnownFileType = sourcecode.swift; path = WelcomeScreen.swift; sourceTree = "<group>"; };
		172F1F352CAE1D9900A2DAD2 /* Line.swift */ = {isa = PBXFileReference; lastKnownFileType = sourcecode.swift; path = Line.swift; sourceTree = "<group>"; };
		172F1F362CAE1D9900A2DAD2 /* PrimaryButton.swift */ = {isa = PBXFileReference; lastKnownFileType = sourcecode.swift; path = PrimaryButton.swift; sourceTree = "<group>"; };
		172F1F372CAE1D9900A2DAD2 /* SecondaryButton.swift */ = {isa = PBXFileReference; lastKnownFileType = sourcecode.swift; path = SecondaryButton.swift; sourceTree = "<group>"; };
		172F1F392CAE1D9900A2DAD2 /* ActivityLevelInputScreen.swift */ = {isa = PBXFileReference; lastKnownFileType = sourcecode.swift; path = ActivityLevelInputScreen.swift; sourceTree = "<group>"; };
		172F1F3A2CAE1D9900A2DAD2 /* TemperatureLevelInputScreen.swift */ = {isa = PBXFileReference; lastKnownFileType = sourcecode.swift; path = TemperatureLevelInputScreen.swift; sourceTree = "<group>"; };
		172F1F3B2CAE1D9900A2DAD2 /* NotificationInputScreen.swift */ = {isa = PBXFileReference; lastKnownFileType = sourcecode.swift; path = NotificationInputScreen.swift; sourceTree = "<group>"; };
		172F1F3C2CAE1D9900A2DAD2 /* FirstAccessScreens.swift */ = {isa = PBXFileReference; lastKnownFileType = sourcecode.swift; path = FirstAccessScreens.swift; sourceTree = "<group>"; };
		172F1F3E2CAE1D9900A2DAD2 /* FirstAccessScreen.swift */ = {isa = PBXFileReference; lastKnownFileType = sourcecode.swift; path = FirstAccessScreen.swift; sourceTree = "<group>"; };
		172F1F3F2CAE1D9A00A2DAD2 /* WeightInputScreen.swift */ = {isa = PBXFileReference; lastKnownFileType = sourcecode.swift; path = WeightInputScreen.swift; sourceTree = "<group>"; };
		172F1F402CAE1D9A00A2DAD2 /* ConfirmationScreen.swift */ = {isa = PBXFileReference; lastKnownFileType = sourcecode.swift; path = ConfirmationScreen.swift; sourceTree = "<group>"; };
		17774A982CACB1560009B396 /* FirstAccessScreens.swift */ = {isa = PBXFileReference; lastKnownFileType = sourcecode.swift; path = FirstAccessScreens.swift; sourceTree = "<group>"; };
		17774A9B2CACB1860009B396 /* PrimaryButton.swift */ = {isa = PBXFileReference; lastKnownFileType = sourcecode.swift; path = PrimaryButton.swift; sourceTree = "<group>"; };
		17774A9D2CACB1A20009B396 /* SecondaryButton.swift */ = {isa = PBXFileReference; lastKnownFileType = sourcecode.swift; path = SecondaryButton.swift; sourceTree = "<group>"; };
		17774A9F2CACB54F0009B396 /* Line.swift */ = {isa = PBXFileReference; lastKnownFileType = sourcecode.swift; path = Line.swift; sourceTree = "<group>"; };
		177BB8C32C911914001D8712 /* FirstAccess.framework */ = {isa = PBXFileReference; explicitFileType = wrapper.framework; includeInIndex = 0; path = FirstAccess.framework; sourceTree = BUILT_PRODUCTS_DIR; };
		177BB8C62C911914001D8712 /* FirstAccess.h */ = {isa = PBXFileReference; lastKnownFileType = sourcecode.c.h; path = FirstAccess.h; sourceTree = "<group>"; };
		177BB8C72C911914001D8712 /* FirstAccess.docc */ = {isa = PBXFileReference; lastKnownFileType = folder.documentationcatalog; path = FirstAccess.docc; sourceTree = "<group>"; };
		177BB8CD2C911914001D8712 /* FirstAccessTests.xctest */ = {isa = PBXFileReference; explicitFileType = wrapper.cfbundle; includeInIndex = 0; path = FirstAccessTests.xctest; sourceTree = BUILT_PRODUCTS_DIR; };
		177BB8D22C911914001D8712 /* FirstAccessTests.swift */ = {isa = PBXFileReference; lastKnownFileType = sourcecode.swift; path = FirstAccessTests.swift; sourceTree = "<group>"; };
		177BB8DD2C911C00001D8712 /* FirstAccessScreen.swift */ = {isa = PBXFileReference; lastKnownFileType = sourcecode.swift; path = FirstAccessScreen.swift; sourceTree = "<group>"; };
		177BB8DF2C911EB5001D8712 /* WelcomeScreen.swift */ = {isa = PBXFileReference; lastKnownFileType = sourcecode.swift; path = WelcomeScreen.swift; sourceTree = "<group>"; };
		177BB8E12C911F1A001D8712 /* WeightInputScreen.swift */ = {isa = PBXFileReference; lastKnownFileType = sourcecode.swift; path = WeightInputScreen.swift; sourceTree = "<group>"; };
		177BB8E72C9121B8001D8712 /* DesignSystem.framework */ = {isa = PBXFileReference; explicitFileType = wrapper.framework; path = DesignSystem.framework; sourceTree = BUILT_PRODUCTS_DIR; };
		177BB8EB2C9121BB001D8712 /* Core.framework */ = {isa = PBXFileReference; explicitFileType = wrapper.framework; path = Core.framework; sourceTree = BUILT_PRODUCTS_DIR; };
		177BB8EE2C9121C2001D8712 /* Util.framework */ = {isa = PBXFileReference; explicitFileType = wrapper.framework; path = Util.framework; sourceTree = BUILT_PRODUCTS_DIR; };
		177BB8F12C91337D001D8712 /* ActivityLevelInputScreen.swift */ = {isa = PBXFileReference; lastKnownFileType = sourcecode.swift; path = ActivityLevelInputScreen.swift; sourceTree = "<group>"; };
		177BB8F32C913391001D8712 /* TemperatureLevelInputScreen.swift */ = {isa = PBXFileReference; lastKnownFileType = sourcecode.swift; path = TemperatureLevelInputScreen.swift; sourceTree = "<group>"; };
		177BB8F52C9133A2001D8712 /* NotificationInputScreen.swift */ = {isa = PBXFileReference; lastKnownFileType = sourcecode.swift; path = NotificationInputScreen.swift; sourceTree = "<group>"; };
		177BB8F72C9133AE001D8712 /* ConfirmationScreen.swift */ = {isa = PBXFileReference; lastKnownFileType = sourcecode.swift; path = ConfirmationScreen.swift; sourceTree = "<group>"; };
/* End PBXFileReference section */

/* Begin PBXFrameworksBuildPhase section */
		177BB8C02C911914001D8712 /* Frameworks */ = {
			isa = PBXFrameworksBuildPhase;
			buildActionMask = 2147483647;
			files = (
				177BB8EF2C9121C2001D8712 /* Util.framework in Frameworks */,
				177BB8E82C9121B8001D8712 /* DesignSystem.framework in Frameworks */,
				177BB8EC2C9121BB001D8712 /* Core.framework in Frameworks */,
			);
			runOnlyForDeploymentPostprocessing = 0;
		};
		177BB8CA2C911914001D8712 /* Frameworks */ = {
			isa = PBXFrameworksBuildPhase;
			buildActionMask = 2147483647;
			files = (
				177BB8CE2C911914001D8712 /* FirstAccess.framework in Frameworks */,
			);
			runOnlyForDeploymentPostprocessing = 0;
		};
/* End PBXFrameworksBuildPhase section */

/* Begin PBXGroup section */
		171E13B52C926546000FC8CC /* UI */ = {
			isa = PBXGroup;
			children = (
				17774A9A2CACB1790009B396 /* Components */,
				17774A972CACB1490009B396 /* Models */,
				177BB8DD2C911C00001D8712 /* FirstAccessScreen.swift */,
				177BB8DF2C911EB5001D8712 /* WelcomeScreen.swift */,
				177BB8E12C911F1A001D8712 /* WeightInputScreen.swift */,
				177BB8F12C91337D001D8712 /* ActivityLevelInputScreen.swift */,
				177BB8F32C913391001D8712 /* TemperatureLevelInputScreen.swift */,
				177BB8F52C9133A2001D8712 /* NotificationInputScreen.swift */,
				177BB8F72C9133AE001D8712 /* ConfirmationScreen.swift */,
			);
			path = UI;
			sourceTree = "<group>";
		};
		171E13B62C92654F000FC8CC /* Resources */ = {
			isa = PBXGroup;
			children = (
				171E13B72C92655E000FC8CC /* Strings */,
			);
			path = Resources;
			sourceTree = "<group>";
		};
		171E13B72C92655E000FC8CC /* Strings */ = {
			isa = PBXGroup;
			children = (
				171E13B82C92657A000FC8CC /* FirstAccessSR.swift */,
				171E13BA2C926675000FC8CC /* FirstAccess.xcstrings */,
			);
			path = Strings;
			sourceTree = "<group>";
		};
		172F1EE92CAE1D9900A2DAD2 /* Strings */ = {
			isa = PBXGroup;
			children = (
				172F1EE72CAE1D9900A2DAD2 /* FirstAccess.xcstrings */,
				172F1EE82CAE1D9900A2DAD2 /* FirstAccessSR.swift */,
			);
			path = Strings;
			sourceTree = "<group>";
		};
		172F1EEA2CAE1D9900A2DAD2 /* Resources */ = {
			isa = PBXGroup;
			children = (
				172F1EE92CAE1D9900A2DAD2 /* Strings */,
			);
			path = Resources;
			sourceTree = "<group>";
		};
		172F1EEE2CAE1D9900A2DAD2 /* Components */ = {
			isa = PBXGroup;
			children = (
				172F1EEB2CAE1D9900A2DAD2 /* Line.swift */,
				172F1EEC2CAE1D9900A2DAD2 /* PrimaryButton.swift */,
				172F1EED2CAE1D9900A2DAD2 /* SecondaryButton.swift */,
			);
			path = Components;
			sourceTree = "<group>";
		};
		172F1EF02CAE1D9900A2DAD2 /* Models */ = {
			isa = PBXGroup;
			children = (
				172F1EEF2CAE1D9900A2DAD2 /* FirstAccessScreens.swift */,
			);
			path = Models;
			sourceTree = "<group>";
		};
		172F1EF82CAE1D9900A2DAD2 /* UI */ = {
			isa = PBXGroup;
			children = (
				172F1EEE2CAE1D9900A2DAD2 /* Components */,
				172F1EF02CAE1D9900A2DAD2 /* Models */,
				172F1EF12CAE1D9900A2DAD2 /* ActivityLevelInputScreen.swift */,
				172F1EF22CAE1D9900A2DAD2 /* ConfirmationScreen.swift */,
				172F1EF32CAE1D9900A2DAD2 /* FirstAccessScreen.swift */,
				172F1EF42CAE1D9900A2DAD2 /* NotificationInputScreen.swift */,
				172F1EF52CAE1D9900A2DAD2 /* TemperatureLevelInputScreen.swift */,
				172F1EF62CAE1D9900A2DAD2 /* WeightInputScreen.swift */,
				172F1EF72CAE1D9900A2DAD2 /* WelcomeScreen.swift */,
			);
			path = UI;
			sourceTree = "<group>";
		};
		172F1EFB2CAE1D9900A2DAD2 /* FirstAccess */ = {
			isa = PBXGroup;
			children = (
				172F1EEA2CAE1D9900A2DAD2 /* Resources */,
				172F1EF82CAE1D9900A2DAD2 /* UI */,
				172F1EF92CAE1D9900A2DAD2 /* FirstAccess.docc */,
				172F1EFA2CAE1D9900A2DAD2 /* FirstAccess.h */,
			);
			path = FirstAccess;
			sourceTree = "<group>";
		};
		172F1EFD2CAE1D9900A2DAD2 /* FirstAccessTests */ = {
			isa = PBXGroup;
			children = (
				172F1EFC2CAE1D9900A2DAD2 /* FirstAccessTests.swift */,
			);
			path = FirstAccessTests;
			sourceTree = "<group>";
		};
		172F1EFF2CAE1D9900A2DAD2 /* FirstAccess */ = {
			isa = PBXGroup;
			children = (
				172F1F1B2CAE1D9900A2DAD2 /* FirstAccessTests */,
				172F1EFB2CAE1D9900A2DAD2 /* FirstAccess */,
				172F1F162CAE1D9900A2DAD2 /* FirstAccess */,
				172F1F172CAE1D9900A2DAD2 /* FirstAccess.xcodeproj */,
				172F1EFD2CAE1D9900A2DAD2 /* FirstAccessTests */,
				172F1EFE2CAE1D9900A2DAD2 /* FirstAccess.xcodeproj */,
			);
			name = FirstAccess;
			sourceTree = "<group>";
		};
		172F1F002CAE1D9900A2DAD2 /* Products */ = {
			isa = PBXGroup;
			name = Products;
			sourceTree = "<group>";
		};
		172F1F042CAE1D9900A2DAD2 /* Strings */ = {
			isa = PBXGroup;
			children = (
				172F1F022CAE1D9900A2DAD2 /* FirstAccess.xcstrings */,
				172F1F032CAE1D9900A2DAD2 /* FirstAccessSR.swift */,
			);
			path = Strings;
			sourceTree = "<group>";
		};
		172F1F052CAE1D9900A2DAD2 /* Resources */ = {
			isa = PBXGroup;
			children = (
				172F1F042CAE1D9900A2DAD2 /* Strings */,
			);
			path = Resources;
			sourceTree = "<group>";
		};
		172F1F092CAE1D9900A2DAD2 /* Components */ = {
			isa = PBXGroup;
			children = (
				172F1F062CAE1D9900A2DAD2 /* Line.swift */,
				172F1F072CAE1D9900A2DAD2 /* PrimaryButton.swift */,
				172F1F082CAE1D9900A2DAD2 /* SecondaryButton.swift */,
			);
			path = Components;
			sourceTree = "<group>";
		};
		172F1F0B2CAE1D9900A2DAD2 /* Models */ = {
			isa = PBXGroup;
			children = (
				172F1F0A2CAE1D9900A2DAD2 /* FirstAccessScreens.swift */,
			);
			path = Models;
			sourceTree = "<group>";
		};
		172F1F132CAE1D9900A2DAD2 /* UI */ = {
			isa = PBXGroup;
			children = (
				172F1F092CAE1D9900A2DAD2 /* Components */,
				172F1F0B2CAE1D9900A2DAD2 /* Models */,
				172F1F0C2CAE1D9900A2DAD2 /* ActivityLevelInputScreen.swift */,
				172F1F0D2CAE1D9900A2DAD2 /* ConfirmationScreen.swift */,
				172F1F0E2CAE1D9900A2DAD2 /* FirstAccessScreen.swift */,
				172F1F0F2CAE1D9900A2DAD2 /* NotificationInputScreen.swift */,
				172F1F102CAE1D9900A2DAD2 /* TemperatureLevelInputScreen.swift */,
				172F1F112CAE1D9900A2DAD2 /* WeightInputScreen.swift */,
				172F1F122CAE1D9900A2DAD2 /* WelcomeScreen.swift */,
			);
			path = UI;
			sourceTree = "<group>";
		};
		172F1F162CAE1D9900A2DAD2 /* FirstAccess */ = {
			isa = PBXGroup;
			children = (
				172F1F2D2CAE1D9900A2DAD2 /* UI */,
				172F1F052CAE1D9900A2DAD2 /* Resources */,
				172F1F132CAE1D9900A2DAD2 /* UI */,
				172F1F1F2CAE1D9900A2DAD2 /* Resources */,
				172F1F142CAE1D9900A2DAD2 /* FirstAccess.docc */,
				172F1F2F2CAE1D9900A2DAD2 /* FirstAccess.docc */,
				172F1F2E2CAE1D9900A2DAD2 /* FirstAccess.h */,
				172F1F152CAE1D9900A2DAD2 /* FirstAccess.h */,
			);
			path = FirstAccess;
			sourceTree = "<group>";
		};
		172F1F182CAE1D9900A2DAD2 /* Products */ = {
			isa = PBXGroup;
			name = Products;
			sourceTree = "<group>";
		};
		172F1F1B2CAE1D9900A2DAD2 /* FirstAccessTests */ = {
			isa = PBXGroup;
			children = (
				172F1F302CAE1D9900A2DAD2 /* FirstAccessTests.swift */,
				172F1F1A2CAE1D9900A2DAD2 /* FirstAccessTests.swift */,
			);
			path = FirstAccessTests;
			sourceTree = "<group>";
		};
		172F1F1E2CAE1D9900A2DAD2 /* Strings */ = {
			isa = PBXGroup;
			children = (
				172F1F1C2CAE1D9900A2DAD2 /* FirstAccess.xcstrings */,
				172F1F1D2CAE1D9900A2DAD2 /* FirstAccessSR.swift */,
			);
			path = Strings;
			sourceTree = "<group>";
		};
		172F1F1F2CAE1D9900A2DAD2 /* Resources */ = {
			isa = PBXGroup;
			children = (
				172F1F332CAE1D9900A2DAD2 /* Strings */,
				172F1F1E2CAE1D9900A2DAD2 /* Strings */,
			);
			path = Resources;
			sourceTree = "<group>";
		};
		172F1F232CAE1D9900A2DAD2 /* Components */ = {
			isa = PBXGroup;
			children = (
				172F1F202CAE1D9900A2DAD2 /* Line.swift */,
				172F1F212CAE1D9900A2DAD2 /* PrimaryButton.swift */,
				172F1F222CAE1D9900A2DAD2 /* SecondaryButton.swift */,
			);
			path = Components;
			sourceTree = "<group>";
		};
		172F1F252CAE1D9900A2DAD2 /* Models */ = {
			isa = PBXGroup;
			children = (
				172F1F242CAE1D9900A2DAD2 /* FirstAccessScreens.swift */,
			);
			path = Models;
			sourceTree = "<group>";
		};
		172F1F2D2CAE1D9900A2DAD2 /* UI */ = {
			isa = PBXGroup;
			children = (
				172F1F3D2CAE1D9900A2DAD2 /* Models */,
				172F1F232CAE1D9900A2DAD2 /* Components */,
				172F1F402CAE1D9A00A2DAD2 /* ConfirmationScreen.swift */,
				172F1F3F2CAE1D9A00A2DAD2 /* WeightInputScreen.swift */,
				172F1F3A2CAE1D9900A2DAD2 /* TemperatureLevelInputScreen.swift */,
				172F1F252CAE1D9900A2DAD2 /* Models */,
				172F1F382CAE1D9900A2DAD2 /* Components */,
				172F1F342CAE1D9900A2DAD2 /* WelcomeScreen.swift */,
				172F1F262CAE1D9900A2DAD2 /* ActivityLevelInputScreen.swift */,
				172F1F272CAE1D9900A2DAD2 /* ConfirmationScreen.swift */,
				172F1F3B2CAE1D9900A2DAD2 /* NotificationInputScreen.swift */,
				172F1F3E2CAE1D9900A2DAD2 /* FirstAccessScreen.swift */,
				172F1F282CAE1D9900A2DAD2 /* FirstAccessScreen.swift */,
				172F1F392CAE1D9900A2DAD2 /* ActivityLevelInputScreen.swift */,
				172F1F292CAE1D9900A2DAD2 /* NotificationInputScreen.swift */,
				172F1F2A2CAE1D9900A2DAD2 /* TemperatureLevelInputScreen.swift */,
				172F1F2B2CAE1D9900A2DAD2 /* WeightInputScreen.swift */,
				172F1F2C2CAE1D9900A2DAD2 /* WelcomeScreen.swift */,
			);
			path = UI;
			sourceTree = "<group>";
		};
		172F1F332CAE1D9900A2DAD2 /* Strings */ = {
			isa = PBXGroup;
			children = (
				172F1F312CAE1D9900A2DAD2 /* FirstAccess.xcstrings */,
				172F1F322CAE1D9900A2DAD2 /* FirstAccessSR.swift */,
			);
			path = Strings;
			sourceTree = "<group>";
		};
		172F1F382CAE1D9900A2DAD2 /* Components */ = {
			isa = PBXGroup;
			children = (
				172F1F352CAE1D9900A2DAD2 /* Line.swift */,
				172F1F362CAE1D9900A2DAD2 /* PrimaryButton.swift */,
				172F1F372CAE1D9900A2DAD2 /* SecondaryButton.swift */,
			);
			path = Components;
			sourceTree = "<group>";
		};
		172F1F3D2CAE1D9900A2DAD2 /* Models */ = {
			isa = PBXGroup;
			children = (
				172F1F3C2CAE1D9900A2DAD2 /* FirstAccessScreens.swift */,
			);
			path = Models;
			sourceTree = "<group>";
		};
		17774A972CACB1490009B396 /* Models */ = {
			isa = PBXGroup;
			children = (
				17774A982CACB1560009B396 /* FirstAccessScreens.swift */,
			);
			path = Models;
			sourceTree = "<group>";
		};
		17774A9A2CACB1790009B396 /* Components */ = {
			isa = PBXGroup;
			children = (
				17774A9B2CACB1860009B396 /* PrimaryButton.swift */,
				17774A9D2CACB1A20009B396 /* SecondaryButton.swift */,
				17774A9F2CACB54F0009B396 /* Line.swift */,
			);
			path = Components;
			sourceTree = "<group>";
		};
		177BB8B92C911914001D8712 = {
			isa = PBXGroup;
			children = (
				177BB8C52C911914001D8712 /* FirstAccess */,
				172F1EFF2CAE1D9900A2DAD2 /* FirstAccess */,
				177BB8D12C911914001D8712 /* FirstAccessTests */,
				177BB8C42C911914001D8712 /* Products */,
				177BB8E62C9121B8001D8712 /* Frameworks */,
			);
			sourceTree = "<group>";
		};
		177BB8C42C911914001D8712 /* Products */ = {
			isa = PBXGroup;
			children = (
				177BB8C32C911914001D8712 /* FirstAccess.framework */,
				177BB8CD2C911914001D8712 /* FirstAccessTests.xctest */,
			);
			name = Products;
			sourceTree = "<group>";
		};
		177BB8C52C911914001D8712 /* FirstAccess */ = {
			isa = PBXGroup;
			children = (
				171E13B62C92654F000FC8CC /* Resources */,
				171E13B52C926546000FC8CC /* UI */,
				177BB8C62C911914001D8712 /* FirstAccess.h */,
				177BB8C72C911914001D8712 /* FirstAccess.docc */,
			);
			path = FirstAccess;
			sourceTree = "<group>";
		};
		177BB8D12C911914001D8712 /* FirstAccessTests */ = {
			isa = PBXGroup;
			children = (
				177BB8D22C911914001D8712 /* FirstAccessTests.swift */,
			);
			path = FirstAccessTests;
			sourceTree = "<group>";
		};
		177BB8E62C9121B8001D8712 /* Frameworks */ = {
			isa = PBXGroup;
			children = (
				177BB8EE2C9121C2001D8712 /* Util.framework */,
				177BB8EB2C9121BB001D8712 /* Core.framework */,
				177BB8E72C9121B8001D8712 /* DesignSystem.framework */,
			);
			name = Frameworks;
			sourceTree = "<group>";
		};
/* End PBXGroup section */

/* Begin PBXHeadersBuildPhase section */
		177BB8BE2C911914001D8712 /* Headers */ = {
			isa = PBXHeadersBuildPhase;
			buildActionMask = 2147483647;
			files = (
				177BB8D42C911914001D8712 /* FirstAccess.h in Headers */,
			);
			runOnlyForDeploymentPostprocessing = 0;
		};
/* End PBXHeadersBuildPhase section */

/* Begin PBXNativeTarget section */
		177BB8C22C911914001D8712 /* FirstAccess */ = {
			isa = PBXNativeTarget;
			buildConfigurationList = 177BB8D72C911914001D8712 /* Build configuration list for PBXNativeTarget "FirstAccess" */;
			buildPhases = (
				177BB8BE2C911914001D8712 /* Headers */,
				177BB8BF2C911914001D8712 /* Sources */,
				177BB8C02C911914001D8712 /* Frameworks */,
				177BB8C12C911914001D8712 /* Resources */,
				177BB8EA2C9121B8001D8712 /* Embed Frameworks */,
			);
			buildRules = (
			);
			dependencies = (
			);
			name = FirstAccess;
			productName = FirstAccess;
			productReference = 177BB8C32C911914001D8712 /* FirstAccess.framework */;
			productType = "com.apple.product-type.framework";
		};
		177BB8CC2C911914001D8712 /* FirstAccessTests */ = {
			isa = PBXNativeTarget;
			buildConfigurationList = 177BB8DA2C911914001D8712 /* Build configuration list for PBXNativeTarget "FirstAccessTests" */;
			buildPhases = (
				177BB8C92C911914001D8712 /* Sources */,
				177BB8CA2C911914001D8712 /* Frameworks */,
				177BB8CB2C911914001D8712 /* Resources */,
			);
			buildRules = (
			);
			dependencies = (
				177BB8D02C911914001D8712 /* PBXTargetDependency */,
			);
			name = FirstAccessTests;
			productName = FirstAccessTests;
			productReference = 177BB8CD2C911914001D8712 /* FirstAccessTests.xctest */;
			productType = "com.apple.product-type.bundle.unit-test";
		};
/* End PBXNativeTarget section */

/* Begin PBXProject section */
		177BB8BA2C911914001D8712 /* Project object */ = {
			isa = PBXProject;
			attributes = {
				BuildIndependentTargetsInParallel = 1;
				LastSwiftUpdateCheck = 1540;
				LastUpgradeCheck = 1540;
				TargetAttributes = {
					177BB8C22C911914001D8712 = {
						CreatedOnToolsVersion = 15.4;
					};
					177BB8CC2C911914001D8712 = {
						CreatedOnToolsVersion = 15.4;
					};
				};
			};
			buildConfigurationList = 177BB8BD2C911914001D8712 /* Build configuration list for PBXProject "FirstAccess" */;
			compatibilityVersion = "Xcode 14.0";
			developmentRegion = en;
			hasScannedForEncodings = 0;
			knownRegions = (
				en,
				Base,
			);
			mainGroup = 177BB8B92C911914001D8712;
			productRefGroup = 177BB8C42C911914001D8712 /* Products */;
			projectDirPath = "";
			projectReferences = (
				{
					ProductGroup = 172F1F182CAE1D9900A2DAD2 /* Products */;
					ProjectRef = 172F1F172CAE1D9900A2DAD2 /* FirstAccess.xcodeproj */;
				},
				{
					ProductGroup = 172F1F002CAE1D9900A2DAD2 /* Products */;
					ProjectRef = 172F1EFE2CAE1D9900A2DAD2 /* FirstAccess.xcodeproj */;
				},
			);
			projectRoot = "";
			targets = (
				177BB8C22C911914001D8712 /* FirstAccess */,
				177BB8CC2C911914001D8712 /* FirstAccessTests */,
			);
		};
/* End PBXProject section */

/* Begin PBXResourcesBuildPhase section */
		177BB8C12C911914001D8712 /* Resources */ = {
			isa = PBXResourcesBuildPhase;
			buildActionMask = 2147483647;
			files = (
				171E13BB2C926675000FC8CC /* FirstAccess.xcstrings in Resources */,
			);
			runOnlyForDeploymentPostprocessing = 0;
		};
		177BB8CB2C911914001D8712 /* Resources */ = {
			isa = PBXResourcesBuildPhase;
			buildActionMask = 2147483647;
			files = (
			);
			runOnlyForDeploymentPostprocessing = 0;
		};
/* End PBXResourcesBuildPhase section */

/* Begin PBXSourcesBuildPhase section */
		177BB8BF2C911914001D8712 /* Sources */ = {
			isa = PBXSourcesBuildPhase;
			buildActionMask = 2147483647;
			files = (
				17774A9E2CACB1A20009B396 /* SecondaryButton.swift in Sources */,
				177BB8E02C911EB5001D8712 /* WelcomeScreen.swift in Sources */,
				17774A9C2CACB1860009B396 /* PrimaryButton.swift in Sources */,
				177BB8DE2C911C00001D8712 /* FirstAccessScreen.swift in Sources */,
				171E13B92C92657A000FC8CC /* FirstAccessSR.swift in Sources */,
				177BB8E22C911F1A001D8712 /* WeightInputScreen.swift in Sources */,
				177BB8F62C9133A2001D8712 /* NotificationInputScreen.swift in Sources */,
				17774AA02CACB54F0009B396 /* Line.swift in Sources */,
				177BB8F82C9133AE001D8712 /* ConfirmationScreen.swift in Sources */,
				177BB8C82C911914001D8712 /* FirstAccess.docc in Sources */,
				177BB8F42C913391001D8712 /* TemperatureLevelInputScreen.swift in Sources */,
				17774A992CACB1560009B396 /* FirstAccessScreens.swift in Sources */,
				177BB8F22C91337D001D8712 /* ActivityLevelInputScreen.swift in Sources */,
			);
			runOnlyForDeploymentPostprocessing = 0;
		};
		177BB8C92C911914001D8712 /* Sources */ = {
			isa = PBXSourcesBuildPhase;
			buildActionMask = 2147483647;
			files = (
				177BB8D32C911914001D8712 /* FirstAccessTests.swift in Sources */,
			);
			runOnlyForDeploymentPostprocessing = 0;
		};
/* End PBXSourcesBuildPhase section */

/* Begin PBXTargetDependency section */
		177BB8D02C911914001D8712 /* PBXTargetDependency */ = {
			isa = PBXTargetDependency;
			target = 177BB8C22C911914001D8712 /* FirstAccess */;
			targetProxy = 177BB8CF2C911914001D8712 /* PBXContainerItemProxy */;
		};
/* End PBXTargetDependency section */

/* Begin XCBuildConfiguration section */
		177BB8D52C911914001D8712 /* Debug */ = {
			isa = XCBuildConfiguration;
			buildSettings = {
				ALWAYS_SEARCH_USER_PATHS = NO;
				ASSETCATALOG_COMPILER_GENERATE_SWIFT_ASSET_SYMBOL_EXTENSIONS = YES;
				CLANG_ANALYZER_NONNULL = YES;
				CLANG_ANALYZER_NUMBER_OBJECT_CONVERSION = YES_AGGRESSIVE;
				CLANG_CXX_LANGUAGE_STANDARD = "gnu++20";
				CLANG_ENABLE_MODULES = YES;
				CLANG_ENABLE_OBJC_ARC = YES;
				CLANG_ENABLE_OBJC_WEAK = YES;
				CLANG_WARN_BLOCK_CAPTURE_AUTORELEASING = YES;
				CLANG_WARN_BOOL_CONVERSION = YES;
				CLANG_WARN_COMMA = YES;
				CLANG_WARN_CONSTANT_CONVERSION = YES;
				CLANG_WARN_DEPRECATED_OBJC_IMPLEMENTATIONS = YES;
				CLANG_WARN_DIRECT_OBJC_ISA_USAGE = YES_ERROR;
				CLANG_WARN_DOCUMENTATION_COMMENTS = YES;
				CLANG_WARN_EMPTY_BODY = YES;
				CLANG_WARN_ENUM_CONVERSION = YES;
				CLANG_WARN_INFINITE_RECURSION = YES;
				CLANG_WARN_INT_CONVERSION = YES;
				CLANG_WARN_NON_LITERAL_NULL_CONVERSION = YES;
				CLANG_WARN_OBJC_IMPLICIT_RETAIN_SELF = YES;
				CLANG_WARN_OBJC_LITERAL_CONVERSION = YES;
				CLANG_WARN_OBJC_ROOT_CLASS = YES_ERROR;
				CLANG_WARN_QUOTED_INCLUDE_IN_FRAMEWORK_HEADER = YES;
				CLANG_WARN_RANGE_LOOP_ANALYSIS = YES;
				CLANG_WARN_STRICT_PROTOTYPES = YES;
				CLANG_WARN_SUSPICIOUS_MOVE = YES;
				CLANG_WARN_UNGUARDED_AVAILABILITY = YES_AGGRESSIVE;
				CLANG_WARN_UNREACHABLE_CODE = YES;
				CLANG_WARN__DUPLICATE_METHOD_MATCH = YES;
				COPY_PHASE_STRIP = NO;
				CURRENT_PROJECT_VERSION = 1;
				DEBUG_INFORMATION_FORMAT = dwarf;
				ENABLE_STRICT_OBJC_MSGSEND = YES;
				ENABLE_TESTABILITY = YES;
				ENABLE_USER_SCRIPT_SANDBOXING = YES;
				GCC_C_LANGUAGE_STANDARD = gnu17;
				GCC_DYNAMIC_NO_PIC = NO;
				GCC_NO_COMMON_BLOCKS = YES;
				GCC_OPTIMIZATION_LEVEL = 0;
				GCC_PREPROCESSOR_DEFINITIONS = (
					"DEBUG=1",
					"$(inherited)",
				);
				GCC_WARN_64_TO_32_BIT_CONVERSION = YES;
				GCC_WARN_ABOUT_RETURN_TYPE = YES_ERROR;
				GCC_WARN_UNDECLARED_SELECTOR = YES;
				GCC_WARN_UNINITIALIZED_AUTOS = YES_AGGRESSIVE;
				GCC_WARN_UNUSED_FUNCTION = YES;
				GCC_WARN_UNUSED_VARIABLE = YES;
				IPHONEOS_DEPLOYMENT_TARGET = 17.5;
				LOCALIZATION_PREFERS_STRING_CATALOGS = YES;
				MTL_ENABLE_DEBUG_INFO = INCLUDE_SOURCE;
				MTL_FAST_MATH = YES;
				ONLY_ACTIVE_ARCH = YES;
				SDKROOT = iphoneos;
				SWIFT_ACTIVE_COMPILATION_CONDITIONS = "DEBUG $(inherited)";
				SWIFT_OPTIMIZATION_LEVEL = "-Onone";
				VERSIONING_SYSTEM = "apple-generic";
				VERSION_INFO_PREFIX = "";
			};
			name = Debug;
		};
		177BB8D62C911914001D8712 /* Release */ = {
			isa = XCBuildConfiguration;
			buildSettings = {
				ALWAYS_SEARCH_USER_PATHS = NO;
				ASSETCATALOG_COMPILER_GENERATE_SWIFT_ASSET_SYMBOL_EXTENSIONS = YES;
				CLANG_ANALYZER_NONNULL = YES;
				CLANG_ANALYZER_NUMBER_OBJECT_CONVERSION = YES_AGGRESSIVE;
				CLANG_CXX_LANGUAGE_STANDARD = "gnu++20";
				CLANG_ENABLE_MODULES = YES;
				CLANG_ENABLE_OBJC_ARC = YES;
				CLANG_ENABLE_OBJC_WEAK = YES;
				CLANG_WARN_BLOCK_CAPTURE_AUTORELEASING = YES;
				CLANG_WARN_BOOL_CONVERSION = YES;
				CLANG_WARN_COMMA = YES;
				CLANG_WARN_CONSTANT_CONVERSION = YES;
				CLANG_WARN_DEPRECATED_OBJC_IMPLEMENTATIONS = YES;
				CLANG_WARN_DIRECT_OBJC_ISA_USAGE = YES_ERROR;
				CLANG_WARN_DOCUMENTATION_COMMENTS = YES;
				CLANG_WARN_EMPTY_BODY = YES;
				CLANG_WARN_ENUM_CONVERSION = YES;
				CLANG_WARN_INFINITE_RECURSION = YES;
				CLANG_WARN_INT_CONVERSION = YES;
				CLANG_WARN_NON_LITERAL_NULL_CONVERSION = YES;
				CLANG_WARN_OBJC_IMPLICIT_RETAIN_SELF = YES;
				CLANG_WARN_OBJC_LITERAL_CONVERSION = YES;
				CLANG_WARN_OBJC_ROOT_CLASS = YES_ERROR;
				CLANG_WARN_QUOTED_INCLUDE_IN_FRAMEWORK_HEADER = YES;
				CLANG_WARN_RANGE_LOOP_ANALYSIS = YES;
				CLANG_WARN_STRICT_PROTOTYPES = YES;
				CLANG_WARN_SUSPICIOUS_MOVE = YES;
				CLANG_WARN_UNGUARDED_AVAILABILITY = YES_AGGRESSIVE;
				CLANG_WARN_UNREACHABLE_CODE = YES;
				CLANG_WARN__DUPLICATE_METHOD_MATCH = YES;
				COPY_PHASE_STRIP = NO;
				CURRENT_PROJECT_VERSION = 1;
				DEBUG_INFORMATION_FORMAT = "dwarf-with-dsym";
				ENABLE_NS_ASSERTIONS = NO;
				ENABLE_STRICT_OBJC_MSGSEND = YES;
				ENABLE_USER_SCRIPT_SANDBOXING = YES;
				GCC_C_LANGUAGE_STANDARD = gnu17;
				GCC_NO_COMMON_BLOCKS = YES;
				GCC_WARN_64_TO_32_BIT_CONVERSION = YES;
				GCC_WARN_ABOUT_RETURN_TYPE = YES_ERROR;
				GCC_WARN_UNDECLARED_SELECTOR = YES;
				GCC_WARN_UNINITIALIZED_AUTOS = YES_AGGRESSIVE;
				GCC_WARN_UNUSED_FUNCTION = YES;
				GCC_WARN_UNUSED_VARIABLE = YES;
				IPHONEOS_DEPLOYMENT_TARGET = 17.5;
				LOCALIZATION_PREFERS_STRING_CATALOGS = YES;
				MTL_ENABLE_DEBUG_INFO = NO;
				MTL_FAST_MATH = YES;
				SDKROOT = iphoneos;
				SWIFT_COMPILATION_MODE = wholemodule;
				VALIDATE_PRODUCT = YES;
				VERSIONING_SYSTEM = "apple-generic";
				VERSION_INFO_PREFIX = "";
			};
			name = Release;
		};
		177BB8D82C911914001D8712 /* Debug */ = {
			isa = XCBuildConfiguration;
			buildSettings = {
				BUILD_LIBRARY_FOR_DISTRIBUTION = YES;
				CODE_SIGN_STYLE = Automatic;
				CURRENT_PROJECT_VERSION = 1;
				DEFINES_MODULE = YES;
				DEVELOPMENT_TEAM = N53G66Q5CM;
				DYLIB_COMPATIBILITY_VERSION = 1;
				DYLIB_CURRENT_VERSION = 1;
				DYLIB_INSTALL_NAME_BASE = "@rpath";
				ENABLE_MODULE_VERIFIER = YES;
				GENERATE_INFOPLIST_FILE = YES;
				INFOPLIST_KEY_NSHumanReadableCopyright = "";
				INSTALL_PATH = "$(LOCAL_LIBRARY_DIR)/Frameworks";
				LD_RUNPATH_SEARCH_PATHS = (
					"$(inherited)",
					"@executable_path/Frameworks",
					"@loader_path/Frameworks",
				);
				MARKETING_VERSION = 1.0;
				MODULE_VERIFIER_SUPPORTED_LANGUAGES = "objective-c objective-c++";
				MODULE_VERIFIER_SUPPORTED_LANGUAGE_STANDARDS = "gnu17 gnu++20";
				PRODUCT_BUNDLE_IDENTIFIER = com.github.lucascalheiros.FirstAccess;
				PRODUCT_NAME = "$(TARGET_NAME:c99extidentifier)";
				SKIP_INSTALL = YES;
				SWIFT_EMIT_LOC_STRINGS = YES;
				SWIFT_INSTALL_OBJC_HEADER = NO;
				SWIFT_VERSION = 5.0;
				TARGETED_DEVICE_FAMILY = "1,2";
			};
			name = Debug;
		};
		177BB8D92C911914001D8712 /* Release */ = {
			isa = XCBuildConfiguration;
			buildSettings = {
				BUILD_LIBRARY_FOR_DISTRIBUTION = YES;
				CODE_SIGN_STYLE = Automatic;
				CURRENT_PROJECT_VERSION = 1;
				DEFINES_MODULE = YES;
				DEVELOPMENT_TEAM = N53G66Q5CM;
				DYLIB_COMPATIBILITY_VERSION = 1;
				DYLIB_CURRENT_VERSION = 1;
				DYLIB_INSTALL_NAME_BASE = "@rpath";
				ENABLE_MODULE_VERIFIER = YES;
				GENERATE_INFOPLIST_FILE = YES;
				INFOPLIST_KEY_NSHumanReadableCopyright = "";
				INSTALL_PATH = "$(LOCAL_LIBRARY_DIR)/Frameworks";
				LD_RUNPATH_SEARCH_PATHS = (
					"$(inherited)",
					"@executable_path/Frameworks",
					"@loader_path/Frameworks",
				);
				MARKETING_VERSION = 1.0;
				MODULE_VERIFIER_SUPPORTED_LANGUAGES = "objective-c objective-c++";
				MODULE_VERIFIER_SUPPORTED_LANGUAGE_STANDARDS = "gnu17 gnu++20";
				PRODUCT_BUNDLE_IDENTIFIER = com.github.lucascalheiros.FirstAccess;
				PRODUCT_NAME = "$(TARGET_NAME:c99extidentifier)";
				SKIP_INSTALL = YES;
				SWIFT_EMIT_LOC_STRINGS = YES;
				SWIFT_INSTALL_OBJC_HEADER = NO;
				SWIFT_VERSION = 5.0;
				TARGETED_DEVICE_FAMILY = "1,2";
			};
			name = Release;
		};
		177BB8DB2C911914001D8712 /* Debug */ = {
			isa = XCBuildConfiguration;
			buildSettings = {
				ALWAYS_EMBED_SWIFT_STANDARD_LIBRARIES = YES;
				CODE_SIGN_STYLE = Automatic;
				CURRENT_PROJECT_VERSION = 1;
				DEVELOPMENT_TEAM = N53G66Q5CM;
				GENERATE_INFOPLIST_FILE = YES;
				MARKETING_VERSION = 1.0;
				PRODUCT_BUNDLE_IDENTIFIER = com.github.lucascalheiros.FirstAccessTests;
				PRODUCT_NAME = "$(TARGET_NAME)";
				SWIFT_EMIT_LOC_STRINGS = NO;
				SWIFT_VERSION = 5.0;
				TARGETED_DEVICE_FAMILY = "1,2";
			};
			name = Debug;
		};
		177BB8DC2C911914001D8712 /* Release */ = {
			isa = XCBuildConfiguration;
			buildSettings = {
				ALWAYS_EMBED_SWIFT_STANDARD_LIBRARIES = YES;
				CODE_SIGN_STYLE = Automatic;
				CURRENT_PROJECT_VERSION = 1;
				DEVELOPMENT_TEAM = N53G66Q5CM;
				GENERATE_INFOPLIST_FILE = YES;
				MARKETING_VERSION = 1.0;
				PRODUCT_BUNDLE_IDENTIFIER = com.github.lucascalheiros.FirstAccessTests;
				PRODUCT_NAME = "$(TARGET_NAME)";
				SWIFT_EMIT_LOC_STRINGS = NO;
				SWIFT_VERSION = 5.0;
				TARGETED_DEVICE_FAMILY = "1,2";
			};
			name = Release;
		};
/* End XCBuildConfiguration section */

/* Begin XCConfigurationList section */
		177BB8BD2C911914001D8712 /* Build configuration list for PBXProject "FirstAccess" */ = {
			isa = XCConfigurationList;
			buildConfigurations = (
				177BB8D52C911914001D8712 /* Debug */,
				177BB8D62C911914001D8712 /* Release */,
			);
			defaultConfigurationIsVisible = 0;
			defaultConfigurationName = Release;
		};
		177BB8D72C911914001D8712 /* Build configuration list for PBXNativeTarget "FirstAccess" */ = {
			isa = XCConfigurationList;
			buildConfigurations = (
				177BB8D82C911914001D8712 /* Debug */,
				177BB8D92C911914001D8712 /* Release */,
			);
			defaultConfigurationIsVisible = 0;
			defaultConfigurationName = Release;
		};
		177BB8DA2C911914001D8712 /* Build configuration list for PBXNativeTarget "FirstAccessTests" */ = {
			isa = XCConfigurationList;
			buildConfigurations = (
				177BB8DB2C911914001D8712 /* Debug */,
				177BB8DC2C911914001D8712 /* Release */,
			);
			defaultConfigurationIsVisible = 0;
			defaultConfigurationName = Release;
		};
/* End XCConfigurationList section */
	};
	rootObject = 177BB8BA2C911914001D8712 /* Project object */;
}
