PODS:
  - KMPNativeCoroutinesAsync (1.0.0-ALPHA-33):
    - KMPNativeCoroutinesCore (= 1.0.0-ALPHA-33)
  - KMPNativeCoroutinesCombine (1.0.0-ALPHA-33):
    - KMPNativeCoroutinesCore (= 1.0.0-ALPHA-33)
  - KMPNativeCoroutinesCore (1.0.0-ALPHA-33)
  - shared (1.0)
  - SwiftyBeaver (2.1.1)

DEPENDENCIES:
  - KMPNativeCoroutinesAsync (= 1.0.0-ALPHA-33)
  - KMPNativeCoroutinesCombine (= 1.0.0-ALPHA-33)
  - shared (from `../shared`)
  - SwiftyBeaver

SPEC REPOS:
  trunk:
    - KMPNativeCoroutinesAsync
    - KMPNativeCoroutinesCombine
    - KMPNativeCoroutinesCore
    - SwiftyBeaver

EXTERNAL SOURCES:
  shared:
    :path: "../shared"

SPEC CHECKSUMS:
  KMPNativeCoroutinesAsync: fa715e99188ac49caddbd74f78ddbdf091a037cd
  KMPNativeCoroutinesCombine: 6a5915081d1dda59b9d02c151e1701faccf2321c
  KMPNativeCoroutinesCore: 24f63c79e31bfdd6183a1ee21e35d7ec518949d3
  shared: 8c8d625e24128efcdce7245ea9d9dc5bf371a781
  SwiftyBeaver: ade157e4f857812e7d7f15f2e3396bb8733f8a1c

PODFILE CHECKSUM: cdf5070265e7f14e90bdb9eb02c47932bd99b4d1

COCOAPODS: 1.15.2
