// !$*UTF8*$!
{
	archiveVersion = 1;
	classes = {
	};
	objectVersion = 56;
	objects = {

/* Begin PBXBuildFile section */
		170D38E12CB3257D00C951F9 /* FirstAccessViewModel.swift in Sources */ = {isa = PBXBuildFile; fileRef = 170D38E02CB3257D00C951F9 /* FirstAccessViewModel.swift */; };
		171E9A902CAE289F00FD98B5 /* Pods_FirstAccess.framework in Frameworks */ = {isa = PBXBuildFile; fileRef = B5C51CA5542E1F706A3B1F76 /* Pods_FirstAccess.framework */; };
		171E9A932CAE2A8000FD98B5 /* WeightOptions.swift in Sources */ = {isa = PBXBuildFile; fileRef = 171E9A922CAE2A8000FD98B5 /* WeightOptions.swift */; };
		171E9A982CAE2FFB00FD98B5 /* SelectableCard.swift in Sources */ = {isa = PBXBuildFile; fileRef = 171E9A972CAE2FFB00FD98B5 /* SelectableCard.swift */; };
		17A78FEA2CAE1E3B00DF336F /* FirstAccess.docc in Sources */ = {isa = PBXBuildFile; fileRef = 17A78FE92CAE1E3B00DF336F /* FirstAccess.docc */; };
		17A78FF02CAE1E3B00DF336F /* FirstAccess.framework in Frameworks */ = {isa = PBXBuildFile; fileRef = 17A78FE52CAE1E3B00DF336F /* FirstAccess.framework */; };
		17A78FF52CAE1E3B00DF336F /* FirstAccessTests.swift in Sources */ = {isa = PBXBuildFile; fileRef = 17A78FF42CAE1E3B00DF336F /* FirstAccessTests.swift */; };
		17A78FF62CAE1E3B00DF336F /* FirstAccess.h in Headers */ = {isa = PBXBuildFile; fileRef = 17A78FE82CAE1E3B00DF336F /* FirstAccess.h */; settings = {ATTRIBUTES = (Public, ); }; };
		17A790142CAE1E5B00DF336F /* ConfirmationPage.swift in Sources */ = {isa = PBXBuildFile; fileRef = 17A78FFF2CAE1E4A00DF336F /* ConfirmationPage.swift */; };
		17A790152CAE1E5E00DF336F /* WeightInputPage.swift in Sources */ = {isa = PBXBuildFile; fileRef = 17A790002CAE1E4A00DF336F /* WeightInputPage.swift */; };
		17A790162CAE1E6100DF336F /* TemperatureLevelInputPage.swift in Sources */ = {isa = PBXBuildFile; fileRef = 17A790012CAE1E4A00DF336F /* TemperatureLevelInputPage.swift */; };
		17A790172CAE1E6500DF336F /* FirstAccessScreens.swift in Sources */ = {isa = PBXBuildFile; fileRef = 17A790022CAE1E4A00DF336F /* FirstAccessScreens.swift */; };
		17A790182CAE1E6900DF336F /* PrimaryButton.swift in Sources */ = {isa = PBXBuildFile; fileRef = 17A790042CAE1E4A00DF336F /* PrimaryButton.swift */; };
		17A790192CAE1E7000DF336F /* ActivityLevelInputPage.swift in Sources */ = {isa = PBXBuildFile; fileRef = 17A790092CAE1E4A00DF336F /* ActivityLevelInputPage.swift */; };
		17A7901A2CAE1E7000DF336F /* SecondaryButton.swift in Sources */ = {isa = PBXBuildFile; fileRef = 17A790062CAE1E4A00DF336F /* SecondaryButton.swift */; };
		17A7901B2CAE1E7000DF336F /* FirstAccessScreen.swift in Sources */ = {isa = PBXBuildFile; fileRef = 17A7900B2CAE1E4A00DF336F /* FirstAccessScreen.swift */; };
		17A7901C2CAE1E7000DF336F /* WelcomePage.swift in Sources */ = {isa = PBXBuildFile; fileRef = 17A790082CAE1E4A00DF336F /* WelcomePage.swift */; };
		17A7901D2CAE1E7000DF336F /* Line.swift in Sources */ = {isa = PBXBuildFile; fileRef = 17A790052CAE1E4A00DF336F /* Line.swift */; };
		17A7901E2CAE1E7000DF336F /* NotificationInputPage.swift in Sources */ = {isa = PBXBuildFile; fileRef = 17A7900A2CAE1E4A00DF336F /* NotificationInputPage.swift */; };
		17A7901F2CAE1E7D00DF336F /* FirstAccess.xcstrings in Resources */ = {isa = PBXBuildFile; fileRef = 17A7900D2CAE1E4A00DF336F /* FirstAccess.xcstrings */; };
		17A790202CAE1E7D00DF336F /* FirstAccessSR.swift in Sources */ = {isa = PBXBuildFile; fileRef = 17A7900E2CAE1E4A00DF336F /* FirstAccessSR.swift */; };
		17A790232CAE1E8800DF336F /* Core.framework in Frameworks */ = {isa = PBXBuildFile; fileRef = 17A790222CAE1E8800DF336F /* Core.framework */; };
		17A790242CAE1E8800DF336F /* Core.framework in Embed Frameworks */ = {isa = PBXBuildFile; fileRef = 17A790222CAE1E8800DF336F /* Core.framework */; settings = {ATTRIBUTES = (CodeSignOnCopy, RemoveHeadersOnCopy, ); }; };
		17A790272CAE1E8B00DF336F /* DesignSystem.framework in Frameworks */ = {isa = PBXBuildFile; fileRef = 17A790262CAE1E8B00DF336F /* DesignSystem.framework */; };
		17A790282CAE1E8B00DF336F /* DesignSystem.framework in Embed Frameworks */ = {isa = PBXBuildFile; fileRef = 17A790262CAE1E8B00DF336F /* DesignSystem.framework */; settings = {ATTRIBUTES = (CodeSignOnCopy, RemoveHeadersOnCopy, ); }; };
		17BA1D8A2CD6817400C83B82 /* KMPShared.framework in Frameworks */ = {isa = PBXBuildFile; fileRef = 17A790292CAE1E9000DF336F /* KMPShared.framework */; };
		17BA1D8B2CD6817400C83B82 /* KMPShared.framework in Embed Frameworks */ = {isa = PBXBuildFile; fileRef = 17A790292CAE1E9000DF336F /* KMPShared.framework */; settings = {ATTRIBUTES = (CodeSignOnCopy, RemoveHeadersOnCopy, ); }; };
		6A38D3DE0A556C3EB6CB91FA /* Pods_FirstAccessTests.framework in Frameworks */ = {isa = PBXBuildFile; fileRef = F07445DA573751EB47085649 /* Pods_FirstAccessTests.framework */; };
/* End PBXBuildFile section */

/* Begin PBXContainerItemProxy section */
		17A78FF12CAE1E3B00DF336F /* PBXContainerItemProxy */ = {
			isa = PBXContainerItemProxy;
			containerPortal = 17A78FDC2CAE1E3B00DF336F /* Project object */;
			proxyType = 1;
			remoteGlobalIDString = 17A78FE42CAE1E3B00DF336F;
			remoteInfo = FirstAccess;
		};
/* End PBXContainerItemProxy section */

/* Begin PBXCopyFilesBuildPhase section */
		17A790252CAE1E8800DF336F /* Embed Frameworks */ = {
			isa = PBXCopyFilesBuildPhase;
			buildActionMask = 2147483647;
			dstPath = "";
			dstSubfolderSpec = 10;
			files = (
				17A790242CAE1E8800DF336F /* Core.framework in Embed Frameworks */,
				17BA1D8B2CD6817400C83B82 /* KMPShared.framework in Embed Frameworks */,
				17A790282CAE1E8B00DF336F /* DesignSystem.framework in Embed Frameworks */,
			);
			name = "Embed Frameworks";
			runOnlyForDeploymentPostprocessing = 0;
		};
/* End PBXCopyFilesBuildPhase section */

/* Begin PBXFileReference section */
		170D38E02CB3257D00C951F9 /* FirstAccessViewModel.swift */ = {isa = PBXFileReference; lastKnownFileType = sourcecode.swift; path = FirstAccessViewModel.swift; sourceTree = "<group>"; };
		171E9A922CAE2A8000FD98B5 /* WeightOptions.swift */ = {isa = PBXFileReference; lastKnownFileType = sourcecode.swift; path = WeightOptions.swift; sourceTree = "<group>"; };
		171E9A972CAE2FFB00FD98B5 /* SelectableCard.swift */ = {isa = PBXFileReference; lastKnownFileType = sourcecode.swift; path = SelectableCard.swift; sourceTree = "<group>"; };
		17A78FE52CAE1E3B00DF336F /* FirstAccess.framework */ = {isa = PBXFileReference; explicitFileType = wrapper.framework; includeInIndex = 0; path = FirstAccess.framework; sourceTree = BUILT_PRODUCTS_DIR; };
		17A78FE82CAE1E3B00DF336F /* FirstAccess.h */ = {isa = PBXFileReference; lastKnownFileType = sourcecode.c.h; path = FirstAccess.h; sourceTree = "<group>"; };
		17A78FE92CAE1E3B00DF336F /* FirstAccess.docc */ = {isa = PBXFileReference; lastKnownFileType = folder.documentationcatalog; path = FirstAccess.docc; sourceTree = "<group>"; };
		17A78FEF2CAE1E3B00DF336F /* FirstAccessTests.xctest */ = {isa = PBXFileReference; explicitFileType = wrapper.cfbundle; includeInIndex = 0; path = FirstAccessTests.xctest; sourceTree = BUILT_PRODUCTS_DIR; };
		17A78FF42CAE1E3B00DF336F /* FirstAccessTests.swift */ = {isa = PBXFileReference; lastKnownFileType = sourcecode.swift; path = FirstAccessTests.swift; sourceTree = "<group>"; };
		17A78FFF2CAE1E4A00DF336F /* ConfirmationPage.swift */ = {isa = PBXFileReference; lastKnownFileType = sourcecode.swift; name = ConfirmationPage.swift; path = ../ConfirmationPage.swift; sourceTree = "<group>"; };
		17A790002CAE1E4A00DF336F /* WeightInputPage.swift */ = {isa = PBXFileReference; lastKnownFileType = sourcecode.swift; name = WeightInputPage.swift; path = ../WeightInputPage.swift; sourceTree = "<group>"; };
		17A790012CAE1E4A00DF336F /* TemperatureLevelInputPage.swift */ = {isa = PBXFileReference; lastKnownFileType = sourcecode.swift; name = TemperatureLevelInputPage.swift; path = ../TemperatureLevelInputPage.swift; sourceTree = "<group>"; };
		17A790022CAE1E4A00DF336F /* FirstAccessScreens.swift */ = {isa = PBXFileReference; lastKnownFileType = sourcecode.swift; path = FirstAccessScreens.swift; sourceTree = "<group>"; };
		17A790042CAE1E4A00DF336F /* PrimaryButton.swift */ = {isa = PBXFileReference; lastKnownFileType = sourcecode.swift; path = PrimaryButton.swift; sourceTree = "<group>"; };
		17A790052CAE1E4A00DF336F /* Line.swift */ = {isa = PBXFileReference; lastKnownFileType = sourcecode.swift; path = Line.swift; sourceTree = "<group>"; };
		17A790062CAE1E4A00DF336F /* SecondaryButton.swift */ = {isa = PBXFileReference; lastKnownFileType = sourcecode.swift; path = SecondaryButton.swift; sourceTree = "<group>"; };
		17A790082CAE1E4A00DF336F /* WelcomePage.swift */ = {isa = PBXFileReference; lastKnownFileType = sourcecode.swift; name = WelcomePage.swift; path = ../WelcomePage.swift; sourceTree = "<group>"; };
		17A790092CAE1E4A00DF336F /* ActivityLevelInputPage.swift */ = {isa = PBXFileReference; lastKnownFileType = sourcecode.swift; name = ActivityLevelInputPage.swift; path = ../ActivityLevelInputPage.swift; sourceTree = "<group>"; };
		17A7900A2CAE1E4A00DF336F /* NotificationInputPage.swift */ = {isa = PBXFileReference; lastKnownFileType = sourcecode.swift; name = NotificationInputPage.swift; path = ../NotificationInputPage.swift; sourceTree = "<group>"; };
		17A7900B2CAE1E4A00DF336F /* FirstAccessScreen.swift */ = {isa = PBXFileReference; lastKnownFileType = sourcecode.swift; path = FirstAccessScreen.swift; sourceTree = "<group>"; };
		17A7900D2CAE1E4A00DF336F /* FirstAccess.xcstrings */ = {isa = PBXFileReference; lastKnownFileType = text.json.xcstrings; path = FirstAccess.xcstrings; sourceTree = "<group>"; };
		17A7900E2CAE1E4A00DF336F /* FirstAccessSR.swift */ = {isa = PBXFileReference; lastKnownFileType = sourcecode.swift; path = FirstAccessSR.swift; sourceTree = "<group>"; };
		17A790122CAE1E4A00DF336F /* FirstAccess.md */ = {isa = PBXFileReference; lastKnownFileType = net.daringfireball.markdown; path = FirstAccess.md; sourceTree = "<group>"; };
		17A790222CAE1E8800DF336F /* Core.framework */ = {isa = PBXFileReference; explicitFileType = wrapper.framework; path = Core.framework; sourceTree = BUILT_PRODUCTS_DIR; };
		17A790262CAE1E8B00DF336F /* DesignSystem.framework */ = {isa = PBXFileReference; explicitFileType = wrapper.framework; path = DesignSystem.framework; sourceTree = BUILT_PRODUCTS_DIR; };
		17A790292CAE1E9000DF336F /* KMPShared.framework */ = {isa = PBXFileReference; explicitFileType = wrapper.framework; path = KMPShared.framework; sourceTree = BUILT_PRODUCTS_DIR; };
		17A7902C2CAE1F8400DF336F /* KMPNativeCoroutinesAsync.framework */ = {isa = PBXFileReference; explicitFileType = wrapper.framework; path = KMPNativeCoroutinesAsync.framework; sourceTree = BUILT_PRODUCTS_DIR; };
		17A7902F2CAE1FC100DF336F /* KMPNativeCoroutinesAsync.framework */ = {isa = PBXFileReference; explicitFileType = wrapper.framework; path = KMPNativeCoroutinesAsync.framework; sourceTree = BUILT_PRODUCTS_DIR; };
		17A790342CAE262D00DF336F /* KMPNativeCoroutinesAsync.framework */ = {isa = PBXFileReference; explicitFileType = wrapper.framework; path = KMPNativeCoroutinesAsync.framework; sourceTree = BUILT_PRODUCTS_DIR; };
		17BA1D8C2CD689CE00C83B82 /* Factory.framework */ = {isa = PBXFileReference; explicitFileType = wrapper.framework; path = Factory.framework; sourceTree = BUILT_PRODUCTS_DIR; };
		1809DF3A3E41DCF15DAB0C47 /* Pods-FirstAccessTests.debug.xcconfig */ = {isa = PBXFileReference; includeInIndex = 1; lastKnownFileType = text.xcconfig; name = "Pods-FirstAccessTests.debug.xcconfig"; path = "Target Support Files/Pods-FirstAccessTests/Pods-FirstAccessTests.debug.xcconfig"; sourceTree = "<group>"; };
		539A2C3BF4ABB0153A8A0E1B /* Pods-FirstAccess.debug.xcconfig */ = {isa = PBXFileReference; includeInIndex = 1; lastKnownFileType = text.xcconfig; name = "Pods-FirstAccess.debug.xcconfig"; path = "Target Support Files/Pods-FirstAccess/Pods-FirstAccess.debug.xcconfig"; sourceTree = "<group>"; };
		B5C51CA5542E1F706A3B1F76 /* Pods_FirstAccess.framework */ = {isa = PBXFileReference; explicitFileType = wrapper.framework; includeInIndex = 0; path = Pods_FirstAccess.framework; sourceTree = BUILT_PRODUCTS_DIR; };
		BD2197238084B3971480A279 /* Pods-FirstAccessTests.release.xcconfig */ = {isa = PBXFileReference; includeInIndex = 1; lastKnownFileType = text.xcconfig; name = "Pods-FirstAccessTests.release.xcconfig"; path = "Target Support Files/Pods-FirstAccessTests/Pods-FirstAccessTests.release.xcconfig"; sourceTree = "<group>"; };
		E3E09D389BA3C5A2E44663DB /* Pods-FirstAccess.release.xcconfig */ = {isa = PBXFileReference; includeInIndex = 1; lastKnownFileType = text.xcconfig; name = "Pods-FirstAccess.release.xcconfig"; path = "Target Support Files/Pods-FirstAccess/Pods-FirstAccess.release.xcconfig"; sourceTree = "<group>"; };
		F07445DA573751EB47085649 /* Pods_FirstAccessTests.framework */ = {isa = PBXFileReference; explicitFileType = wrapper.framework; includeInIndex = 0; path = Pods_FirstAccessTests.framework; sourceTree = BUILT_PRODUCTS_DIR; };
/* End PBXFileReference section */

/* Begin PBXFrameworksBuildPhase section */
		17A78FE22CAE1E3B00DF336F /* Frameworks */ = {
			isa = PBXFrameworksBuildPhase;
			buildActionMask = 2147483647;
			files = (
				17A790232CAE1E8800DF336F /* Core.framework in Frameworks */,
				171E9A902CAE289F00FD98B5 /* Pods_FirstAccess.framework in Frameworks */,
				17BA1D8A2CD6817400C83B82 /* KMPShared.framework in Frameworks */,
				17A790272CAE1E8B00DF336F /* DesignSystem.framework in Frameworks */,
			);
			runOnlyForDeploymentPostprocessing = 0;
		};
		17A78FEC2CAE1E3B00DF336F /* Frameworks */ = {
			isa = PBXFrameworksBuildPhase;
			buildActionMask = 2147483647;
			files = (
				17A78FF02CAE1E3B00DF336F /* FirstAccess.framework in Frameworks */,
				6A38D3DE0A556C3EB6CB91FA /* Pods_FirstAccessTests.framework in Frameworks */,
			);
			runOnlyForDeploymentPostprocessing = 0;
		};
/* End PBXFrameworksBuildPhase section */

/* Begin PBXGroup section */
		170D38DF2CB3130800C951F9 /* Pages */ = {
			isa = PBXGroup;
			children = (
				17A790092CAE1E4A00DF336F /* ActivityLevelInputPage.swift */,
				17A78FFF2CAE1E4A00DF336F /* ConfirmationPage.swift */,
				17A7900A2CAE1E4A00DF336F /* NotificationInputPage.swift */,
				17A790012CAE1E4A00DF336F /* TemperatureLevelInputPage.swift */,
				17A790002CAE1E4A00DF336F /* WeightInputPage.swift */,
				17A790082CAE1E4A00DF336F /* WelcomePage.swift */,
			);
			path = Pages;
			sourceTree = "<group>";
		};
		17A78FDB2CAE1E3B00DF336F = {
			isa = PBXGroup;
			children = (
				17A78FE72CAE1E3B00DF336F /* FirstAccess */,
				17A78FF32CAE1E3B00DF336F /* FirstAccessTests */,
				17A78FE62CAE1E3B00DF336F /* Products */,
				17A790212CAE1E8800DF336F /* Frameworks */,
				8391DD7B6559EF9410D20CD7 /* Pods */,
			);
			sourceTree = "<group>";
		};
		17A78FE62CAE1E3B00DF336F /* Products */ = {
			isa = PBXGroup;
			children = (
				17A78FE52CAE1E3B00DF336F /* FirstAccess.framework */,
				17A78FEF2CAE1E3B00DF336F /* FirstAccessTests.xctest */,
			);
			name = Products;
			sourceTree = "<group>";
		};
		17A78FE72CAE1E3B00DF336F /* FirstAccess */ = {
			isa = PBXGroup;
			children = (
				17A7900C2CAE1E4A00DF336F /* UI */,
				17A790102CAE1E4A00DF336F /* Resources */,
				17A790132CAE1E4A00DF336F /* FirstAccess.docc */,
				17A78FE82CAE1E3B00DF336F /* FirstAccess.h */,
				17A78FE92CAE1E3B00DF336F /* FirstAccess.docc */,
			);
			path = FirstAccess;
			sourceTree = "<group>";
		};
		17A78FF32CAE1E3B00DF336F /* FirstAccessTests */ = {
			isa = PBXGroup;
			children = (
				17A78FF42CAE1E3B00DF336F /* FirstAccessTests.swift */,
			);
			path = FirstAccessTests;
			sourceTree = "<group>";
		};
		17A790032CAE1E4A00DF336F /* Models */ = {
			isa = PBXGroup;
			children = (
				17A790022CAE1E4A00DF336F /* FirstAccessScreens.swift */,
				171E9A922CAE2A8000FD98B5 /* WeightOptions.swift */,
			);
			path = Models;
			sourceTree = "<group>";
		};
		17A790072CAE1E4A00DF336F /* Components */ = {
			isa = PBXGroup;
			children = (
				17A790042CAE1E4A00DF336F /* PrimaryButton.swift */,
				17A790052CAE1E4A00DF336F /* Line.swift */,
				17A790062CAE1E4A00DF336F /* SecondaryButton.swift */,
				171E9A972CAE2FFB00FD98B5 /* SelectableCard.swift */,
			);
			path = Components;
			sourceTree = "<group>";
		};
		17A7900C2CAE1E4A00DF336F /* UI */ = {
			isa = PBXGroup;
			children = (
				17A7900B2CAE1E4A00DF336F /* FirstAccessScreen.swift */,
				170D38E02CB3257D00C951F9 /* FirstAccessViewModel.swift */,
				17A790072CAE1E4A00DF336F /* Components */,
				17A790032CAE1E4A00DF336F /* Models */,
				170D38DF2CB3130800C951F9 /* Pages */,
			);
			name = UI;
			path = /Users/lucascalheiros/AndroidStudioProjects/WaterReminderMVPsample2/iosApp/Features/FirstAccess/FirstAccess/UI;
			sourceTree = "<absolute>";
		};
		17A7900F2CAE1E4A00DF336F /* Strings */ = {
			isa = PBXGroup;
			children = (
				17A7900D2CAE1E4A00DF336F /* FirstAccess.xcstrings */,
				17A7900E2CAE1E4A00DF336F /* FirstAccessSR.swift */,
			);
			path = Strings;
			sourceTree = "<group>";
		};
		17A790102CAE1E4A00DF336F /* Resources */ = {
			isa = PBXGroup;
			children = (
				17A7900F2CAE1E4A00DF336F /* Strings */,
			);
			name = Resources;
			path = /Users/lucascalheiros/AndroidStudioProjects/WaterReminderMVPsample2/iosApp/Features/FirstAccess/FirstAccess/Resources;
			sourceTree = "<absolute>";
		};
		17A790132CAE1E4A00DF336F /* FirstAccess.docc */ = {
			isa = PBXGroup;
			children = (
				17A790122CAE1E4A00DF336F /* FirstAccess.md */,
			);
			name = FirstAccess.docc;
			path = ../../../FirstAccess/FirstAccess/FirstAccess.docc;
			sourceTree = "<group>";
		};
		17A790212CAE1E8800DF336F /* Frameworks */ = {
			isa = PBXGroup;
			children = (
				17BA1D8C2CD689CE00C83B82 /* Factory.framework */,
				17A790342CAE262D00DF336F /* KMPNativeCoroutinesAsync.framework */,
				17A7902F2CAE1FC100DF336F /* KMPNativeCoroutinesAsync.framework */,
				17A7902C2CAE1F8400DF336F /* KMPNativeCoroutinesAsync.framework */,
				17A790292CAE1E9000DF336F /* KMPShared.framework */,
				17A790262CAE1E8B00DF336F /* DesignSystem.framework */,
				17A790222CAE1E8800DF336F /* Core.framework */,
				B5C51CA5542E1F706A3B1F76 /* Pods_FirstAccess.framework */,
				F07445DA573751EB47085649 /* Pods_FirstAccessTests.framework */,
			);
			name = Frameworks;
			sourceTree = "<group>";
		};
		8391DD7B6559EF9410D20CD7 /* Pods */ = {
			isa = PBXGroup;
			children = (
				539A2C3BF4ABB0153A8A0E1B /* Pods-FirstAccess.debug.xcconfig */,
				E3E09D389BA3C5A2E44663DB /* Pods-FirstAccess.release.xcconfig */,
				1809DF3A3E41DCF15DAB0C47 /* Pods-FirstAccessTests.debug.xcconfig */,
				BD2197238084B3971480A279 /* Pods-FirstAccessTests.release.xcconfig */,
			);
			name = Pods;
			path = ../../Pods;
			sourceTree = "<group>";
		};
/* End PBXGroup section */

/* Begin PBXHeadersBuildPhase section */
		17A78FE02CAE1E3B00DF336F /* Headers */ = {
			isa = PBXHeadersBuildPhase;
			buildActionMask = 2147483647;
			files = (
				17A78FF62CAE1E3B00DF336F /* FirstAccess.h in Headers */,
			);
			runOnlyForDeploymentPostprocessing = 0;
		};
/* End PBXHeadersBuildPhase section */

/* Begin PBXNativeTarget section */
		17A78FE42CAE1E3B00DF336F /* FirstAccess */ = {
			isa = PBXNativeTarget;
			buildConfigurationList = 17A78FF92CAE1E3B00DF336F /* Build configuration list for PBXNativeTarget "FirstAccess" */;
			buildPhases = (
				35570787BFE5938E0ABB24D4 /* [CP] Check Pods Manifest.lock */,
				17A78FE02CAE1E3B00DF336F /* Headers */,
				17A78FE12CAE1E3B00DF336F /* Sources */,
				17A78FE22CAE1E3B00DF336F /* Frameworks */,
				17A78FE32CAE1E3B00DF336F /* Resources */,
				17A790252CAE1E8800DF336F /* Embed Frameworks */,
			);
			buildRules = (
			);
			dependencies = (
			);
			name = FirstAccess;
			productName = FirstAccess;
			productReference = 17A78FE52CAE1E3B00DF336F /* FirstAccess.framework */;
			productType = "com.apple.product-type.framework";
		};
		17A78FEE2CAE1E3B00DF336F /* FirstAccessTests */ = {
			isa = PBXNativeTarget;
			buildConfigurationList = 17A78FFC2CAE1E3B00DF336F /* Build configuration list for PBXNativeTarget "FirstAccessTests" */;
			buildPhases = (
				B53388EAC1755A9B7F9711DC /* [CP] Check Pods Manifest.lock */,
				17A78FEB2CAE1E3B00DF336F /* Sources */,
				17A78FEC2CAE1E3B00DF336F /* Frameworks */,
				17A78FED2CAE1E3B00DF336F /* Resources */,
			);
			buildRules = (
			);
			dependencies = (
				17A78FF22CAE1E3B00DF336F /* PBXTargetDependency */,
			);
			name = FirstAccessTests;
			productName = FirstAccessTests;
			productReference = 17A78FEF2CAE1E3B00DF336F /* FirstAccessTests.xctest */;
			productType = "com.apple.product-type.bundle.unit-test";
		};
/* End PBXNativeTarget section */

/* Begin PBXProject section */
		17A78FDC2CAE1E3B00DF336F /* Project object */ = {
			isa = PBXProject;
			attributes = {
				BuildIndependentTargetsInParallel = 1;
				LastSwiftUpdateCheck = 1540;
				LastUpgradeCheck = 1540;
				TargetAttributes = {
					17A78FE42CAE1E3B00DF336F = {
						CreatedOnToolsVersion = 15.4;
					};
					17A78FEE2CAE1E3B00DF336F = {
						CreatedOnToolsVersion = 15.4;
					};
				};
			};
			buildConfigurationList = 17A78FDF2CAE1E3B00DF336F /* Build configuration list for PBXProject "FirstAccess" */;
			compatibilityVersion = "Xcode 14.0";
			developmentRegion = en;
			hasScannedForEncodings = 0;
			knownRegions = (
				en,
				Base,
			);
			mainGroup = 17A78FDB2CAE1E3B00DF336F;
			productRefGroup = 17A78FE62CAE1E3B00DF336F /* Products */;
			projectDirPath = "";
			projectRoot = "";
			targets = (
				17A78FE42CAE1E3B00DF336F /* FirstAccess */,
				17A78FEE2CAE1E3B00DF336F /* FirstAccessTests */,
			);
		};
/* End PBXProject section */

/* Begin PBXResourcesBuildPhase section */
		17A78FE32CAE1E3B00DF336F /* Resources */ = {
			isa = PBXResourcesBuildPhase;
			buildActionMask = 2147483647;
			files = (
				17A7901F2CAE1E7D00DF336F /* FirstAccess.xcstrings in Resources */,
			);
			runOnlyForDeploymentPostprocessing = 0;
		};
		17A78FED2CAE1E3B00DF336F /* Resources */ = {
			isa = PBXResourcesBuildPhase;
			buildActionMask = 2147483647;
			files = (
			);
			runOnlyForDeploymentPostprocessing = 0;
		};
/* End PBXResourcesBuildPhase section */

/* Begin PBXShellScriptBuildPhase section */
		35570787BFE5938E0ABB24D4 /* [CP] Check Pods Manifest.lock */ = {
			isa = PBXShellScriptBuildPhase;
			buildActionMask = 2147483647;
			files = (
			);
			inputFileListPaths = (
			);
			inputPaths = (
				"${PODS_PODFILE_DIR_PATH}/Podfile.lock",
				"${PODS_ROOT}/Manifest.lock",
			);
			name = "[CP] Check Pods Manifest.lock";
			outputFileListPaths = (
			);
			outputPaths = (
				"$(DERIVED_FILE_DIR)/Pods-FirstAccess-checkManifestLockResult.txt",
			);
			runOnlyForDeploymentPostprocessing = 0;
			shellPath = /bin/sh;
			shellScript = "diff \"${PODS_PODFILE_DIR_PATH}/Podfile.lock\" \"${PODS_ROOT}/Manifest.lock\" > /dev/null\nif [ $? != 0 ] ; then\n    # print error to STDERR\n    echo \"error: The sandbox is not in sync with the Podfile.lock. Run 'pod install' or update your CocoaPods installation.\" >&2\n    exit 1\nfi\n# This output is used by Xcode 'outputs' to avoid re-running this script phase.\necho \"SUCCESS\" > \"${SCRIPT_OUTPUT_FILE_0}\"\n";
			showEnvVarsInLog = 0;
		};
		B53388EAC1755A9B7F9711DC /* [CP] Check Pods Manifest.lock */ = {
			isa = PBXShellScriptBuildPhase;
			buildActionMask = 2147483647;
			files = (
			);
			inputFileListPaths = (
			);
			inputPaths = (
				"${PODS_PODFILE_DIR_PATH}/Podfile.lock",
				"${PODS_ROOT}/Manifest.lock",
			);
			name = "[CP] Check Pods Manifest.lock";
			outputFileListPaths = (
			);
			outputPaths = (
				"$(DERIVED_FILE_DIR)/Pods-FirstAccessTests-checkManifestLockResult.txt",
			);
			runOnlyForDeploymentPostprocessing = 0;
			shellPath = /bin/sh;
			shellScript = "diff \"${PODS_PODFILE_DIR_PATH}/Podfile.lock\" \"${PODS_ROOT}/Manifest.lock\" > /dev/null\nif [ $? != 0 ] ; then\n    # print error to STDERR\n    echo \"error: The sandbox is not in sync with the Podfile.lock. Run 'pod install' or update your CocoaPods installation.\" >&2\n    exit 1\nfi\n# This output is used by Xcode 'outputs' to avoid re-running this script phase.\necho \"SUCCESS\" > \"${SCRIPT_OUTPUT_FILE_0}\"\n";
			showEnvVarsInLog = 0;
		};
/* End PBXShellScriptBuildPhase section */

/* Begin PBXSourcesBuildPhase section */
		17A78FE12CAE1E3B00DF336F /* Sources */ = {
			isa = PBXSourcesBuildPhase;
			buildActionMask = 2147483647;
			files = (
				17A790182CAE1E6900DF336F /* PrimaryButton.swift in Sources */,
				17A790152CAE1E5E00DF336F /* WeightInputPage.swift in Sources */,
				17A790142CAE1E5B00DF336F /* ConfirmationPage.swift in Sources */,
				17A790162CAE1E6100DF336F /* TemperatureLevelInputPage.swift in Sources */,
				171E9A982CAE2FFB00FD98B5 /* SelectableCard.swift in Sources */,
				171E9A932CAE2A8000FD98B5 /* WeightOptions.swift in Sources */,
				17A790172CAE1E6500DF336F /* FirstAccessScreens.swift in Sources */,
				17A790202CAE1E7D00DF336F /* FirstAccessSR.swift in Sources */,
				17A78FEA2CAE1E3B00DF336F /* FirstAccess.docc in Sources */,
				17A790192CAE1E7000DF336F /* ActivityLevelInputPage.swift in Sources */,
				17A7901A2CAE1E7000DF336F /* SecondaryButton.swift in Sources */,
				170D38E12CB3257D00C951F9 /* FirstAccessViewModel.swift in Sources */,
				17A7901B2CAE1E7000DF336F /* FirstAccessScreen.swift in Sources */,
				17A7901C2CAE1E7000DF336F /* WelcomePage.swift in Sources */,
				17A7901D2CAE1E7000DF336F /* Line.swift in Sources */,
				17A7901E2CAE1E7000DF336F /* NotificationInputPage.swift in Sources */,
			);
			runOnlyForDeploymentPostprocessing = 0;
		};
		17A78FEB2CAE1E3B00DF336F /* Sources */ = {
			isa = PBXSourcesBuildPhase;
			buildActionMask = 2147483647;
			files = (
				17A78FF52CAE1E3B00DF336F /* FirstAccessTests.swift in Sources */,
			);
			runOnlyForDeploymentPostprocessing = 0;
		};
/* End PBXSourcesBuildPhase section */

/* Begin PBXTargetDependency section */
		17A78FF22CAE1E3B00DF336F /* PBXTargetDependency */ = {
			isa = PBXTargetDependency;
			target = 17A78FE42CAE1E3B00DF336F /* FirstAccess */;
			targetProxy = 17A78FF12CAE1E3B00DF336F /* PBXContainerItemProxy */;
		};
/* End PBXTargetDependency section */

/* Begin XCBuildConfiguration section */
		17A78FF72CAE1E3B00DF336F /* Debug */ = {
			isa = XCBuildConfiguration;
			buildSettings = {
				ALWAYS_SEARCH_USER_PATHS = NO;
				ASSETCATALOG_COMPILER_GENERATE_SWIFT_ASSET_SYMBOL_EXTENSIONS = YES;
				CLANG_ANALYZER_NONNULL = YES;
				CLANG_ANALYZER_NUMBER_OBJECT_CONVERSION = YES_AGGRESSIVE;
				CLANG_CXX_LANGUAGE_STANDARD = "gnu++20";
				CLANG_ENABLE_MODULES = YES;
				CLANG_ENABLE_OBJC_ARC = YES;
				CLANG_ENABLE_OBJC_WEAK = YES;
				CLANG_WARN_BLOCK_CAPTURE_AUTORELEASING = YES;
				CLANG_WARN_BOOL_CONVERSION = YES;
				CLANG_WARN_COMMA = YES;
				CLANG_WARN_CONSTANT_CONVERSION = YES;
				CLANG_WARN_DEPRECATED_OBJC_IMPLEMENTATIONS = YES;
				CLANG_WARN_DIRECT_OBJC_ISA_USAGE = YES_ERROR;
				CLANG_WARN_DOCUMENTATION_COMMENTS = YES;
				CLANG_WARN_EMPTY_BODY = YES;
				CLANG_WARN_ENUM_CONVERSION = YES;
				CLANG_WARN_INFINITE_RECURSION = YES;
				CLANG_WARN_INT_CONVERSION = YES;
				CLANG_WARN_NON_LITERAL_NULL_CONVERSION = YES;
				CLANG_WARN_OBJC_IMPLICIT_RETAIN_SELF = YES;
				CLANG_WARN_OBJC_LITERAL_CONVERSION = YES;
				CLANG_WARN_OBJC_ROOT_CLASS = YES_ERROR;
				CLANG_WARN_QUOTED_INCLUDE_IN_FRAMEWORK_HEADER = YES;
				CLANG_WARN_RANGE_LOOP_ANALYSIS = YES;
				CLANG_WARN_STRICT_PROTOTYPES = YES;
				CLANG_WARN_SUSPICIOUS_MOVE = YES;
				CLANG_WARN_UNGUARDED_AVAILABILITY = YES_AGGRESSIVE;
				CLANG_WARN_UNREACHABLE_CODE = YES;
				CLANG_WARN__DUPLICATE_METHOD_MATCH = YES;
				COPY_PHASE_STRIP = NO;
				CURRENT_PROJECT_VERSION = 1;
				DEBUG_INFORMATION_FORMAT = dwarf;
				ENABLE_STRICT_OBJC_MSGSEND = YES;
				ENABLE_TESTABILITY = YES;
				ENABLE_USER_SCRIPT_SANDBOXING = YES;
				FRAMEWORK_SEARCH_PATHS = "";
				GCC_C_LANGUAGE_STANDARD = gnu17;
				GCC_DYNAMIC_NO_PIC = NO;
				GCC_NO_COMMON_BLOCKS = YES;
				GCC_OPTIMIZATION_LEVEL = 0;
				GCC_PREPROCESSOR_DEFINITIONS = (
					"DEBUG=1",
					"$(inherited)",
				);
				GCC_WARN_64_TO_32_BIT_CONVERSION = YES;
				GCC_WARN_ABOUT_RETURN_TYPE = YES_ERROR;
				GCC_WARN_UNDECLARED_SELECTOR = YES;
				GCC_WARN_UNINITIALIZED_AUTOS = YES_AGGRESSIVE;
				GCC_WARN_UNUSED_FUNCTION = YES;
				GCC_WARN_UNUSED_VARIABLE = YES;
				IPHONEOS_DEPLOYMENT_TARGET = 17.5;
				LOCALIZATION_PREFERS_STRING_CATALOGS = YES;
				MTL_ENABLE_DEBUG_INFO = INCLUDE_SOURCE;
				MTL_FAST_MATH = YES;
				ONLY_ACTIVE_ARCH = YES;
				SDKROOT = iphoneos;
				SWIFT_ACTIVE_COMPILATION_CONDITIONS = "DEBUG $(inherited)";
				SWIFT_OPTIMIZATION_LEVEL = "-Onone";
				VERSIONING_SYSTEM = "apple-generic";
				VERSION_INFO_PREFIX = "";
			};
			name = Debug;
		};
		17A78FF82CAE1E3B00DF336F /* Release */ = {
			isa = XCBuildConfiguration;
			buildSettings = {
				ALWAYS_SEARCH_USER_PATHS = NO;
				ASSETCATALOG_COMPILER_GENERATE_SWIFT_ASSET_SYMBOL_EXTENSIONS = YES;
				CLANG_ANALYZER_NONNULL = YES;
				CLANG_ANALYZER_NUMBER_OBJECT_CONVERSION = YES_AGGRESSIVE;
				CLANG_CXX_LANGUAGE_STANDARD = "gnu++20";
				CLANG_ENABLE_MODULES = YES;
				CLANG_ENABLE_OBJC_ARC = YES;
				CLANG_ENABLE_OBJC_WEAK = YES;
				CLANG_WARN_BLOCK_CAPTURE_AUTORELEASING = YES;
				CLANG_WARN_BOOL_CONVERSION = YES;
				CLANG_WARN_COMMA = YES;
				CLANG_WARN_CONSTANT_CONVERSION = YES;
				CLANG_WARN_DEPRECATED_OBJC_IMPLEMENTATIONS = YES;
				CLANG_WARN_DIRECT_OBJC_ISA_USAGE = YES_ERROR;
				CLANG_WARN_DOCUMENTATION_COMMENTS = YES;
				CLANG_WARN_EMPTY_BODY = YES;
				CLANG_WARN_ENUM_CONVERSION = YES;
				CLANG_WARN_INFINITE_RECURSION = YES;
				CLANG_WARN_INT_CONVERSION = YES;
				CLANG_WARN_NON_LITERAL_NULL_CONVERSION = YES;
				CLANG_WARN_OBJC_IMPLICIT_RETAIN_SELF = YES;
				CLANG_WARN_OBJC_LITERAL_CONVERSION = YES;
				CLANG_WARN_OBJC_ROOT_CLASS = YES_ERROR;
				CLANG_WARN_QUOTED_INCLUDE_IN_FRAMEWORK_HEADER = YES;
				CLANG_WARN_RANGE_LOOP_ANALYSIS = YES;
				CLANG_WARN_STRICT_PROTOTYPES = YES;
				CLANG_WARN_SUSPICIOUS_MOVE = YES;
				CLANG_WARN_UNGUARDED_AVAILABILITY = YES_AGGRESSIVE;
				CLANG_WARN_UNREACHABLE_CODE = YES;
				CLANG_WARN__DUPLICATE_METHOD_MATCH = YES;
				COPY_PHASE_STRIP = NO;
				CURRENT_PROJECT_VERSION = 1;
				DEBUG_INFORMATION_FORMAT = "dwarf-with-dsym";
				ENABLE_NS_ASSERTIONS = NO;
				ENABLE_STRICT_OBJC_MSGSEND = YES;
				ENABLE_USER_SCRIPT_SANDBOXING = YES;
				FRAMEWORK_SEARCH_PATHS = "";
				GCC_C_LANGUAGE_STANDARD = gnu17;
				GCC_NO_COMMON_BLOCKS = YES;
				GCC_WARN_64_TO_32_BIT_CONVERSION = YES;
				GCC_WARN_ABOUT_RETURN_TYPE = YES_ERROR;
				GCC_WARN_UNDECLARED_SELECTOR = YES;
				GCC_WARN_UNINITIALIZED_AUTOS = YES_AGGRESSIVE;
				GCC_WARN_UNUSED_FUNCTION = YES;
				GCC_WARN_UNUSED_VARIABLE = YES;
				IPHONEOS_DEPLOYMENT_TARGET = 17.5;
				LOCALIZATION_PREFERS_STRING_CATALOGS = YES;
				MTL_ENABLE_DEBUG_INFO = NO;
				MTL_FAST_MATH = YES;
				SDKROOT = iphoneos;
				SWIFT_COMPILATION_MODE = wholemodule;
				VALIDATE_PRODUCT = YES;
				VERSIONING_SYSTEM = "apple-generic";
				VERSION_INFO_PREFIX = "";
			};
			name = Release;
		};
		17A78FFA2CAE1E3B00DF336F /* Debug */ = {
			isa = XCBuildConfiguration;
			baseConfigurationReference = 539A2C3BF4ABB0153A8A0E1B /* Pods-FirstAccess.debug.xcconfig */;
			buildSettings = {
				BUILD_LIBRARY_FOR_DISTRIBUTION = YES;
				CODE_SIGN_STYLE = Automatic;
				CURRENT_PROJECT_VERSION = 1;
				DEFINES_MODULE = YES;
				DEVELOPMENT_TEAM = N53G66Q5CM;
				DYLIB_COMPATIBILITY_VERSION = 1;
				DYLIB_CURRENT_VERSION = 1;
				DYLIB_INSTALL_NAME_BASE = "@rpath";
				ENABLE_MODULE_VERIFIER = YES;
				GENERATE_INFOPLIST_FILE = YES;
				INFOPLIST_KEY_NSHumanReadableCopyright = "";
				INSTALL_PATH = "$(LOCAL_LIBRARY_DIR)/Frameworks";
				LD_RUNPATH_SEARCH_PATHS = (
					"$(inherited)",
					"@executable_path/Frameworks",
					"@loader_path/Frameworks",
				);
				MARKETING_VERSION = 1.0;
				MODULE_VERIFIER_SUPPORTED_LANGUAGES = "objective-c objective-c++";
				MODULE_VERIFIER_SUPPORTED_LANGUAGE_STANDARDS = "gnu17 gnu++20";
				PRODUCT_BUNDLE_IDENTIFIER = com.github.lucascalheiros.FirstAccess;
				PRODUCT_NAME = "$(TARGET_NAME:c99extidentifier)";
				SKIP_INSTALL = YES;
				SWIFT_EMIT_LOC_STRINGS = YES;
				SWIFT_INSTALL_OBJC_HEADER = NO;
				SWIFT_VERSION = 5.0;
				TARGETED_DEVICE_FAMILY = "1,2";
			};
			name = Debug;
		};
		17A78FFB2CAE1E3B00DF336F /* Release */ = {
			isa = XCBuildConfiguration;
			baseConfigurationReference = E3E09D389BA3C5A2E44663DB /* Pods-FirstAccess.release.xcconfig */;
			buildSettings = {
				BUILD_LIBRARY_FOR_DISTRIBUTION = YES;
				CODE_SIGN_STYLE = Automatic;
				CURRENT_PROJECT_VERSION = 1;
				DEFINES_MODULE = YES;
				DEVELOPMENT_TEAM = N53G66Q5CM;
				DYLIB_COMPATIBILITY_VERSION = 1;
				DYLIB_CURRENT_VERSION = 1;
				DYLIB_INSTALL_NAME_BASE = "@rpath";
				ENABLE_MODULE_VERIFIER = YES;
				GENERATE_INFOPLIST_FILE = YES;
				INFOPLIST_KEY_NSHumanReadableCopyright = "";
				INSTALL_PATH = "$(LOCAL_LIBRARY_DIR)/Frameworks";
				LD_RUNPATH_SEARCH_PATHS = (
					"$(inherited)",
					"@executable_path/Frameworks",
					"@loader_path/Frameworks",
				);
				MARKETING_VERSION = 1.0;
				MODULE_VERIFIER_SUPPORTED_LANGUAGES = "objective-c objective-c++";
				MODULE_VERIFIER_SUPPORTED_LANGUAGE_STANDARDS = "gnu17 gnu++20";
				PRODUCT_BUNDLE_IDENTIFIER = com.github.lucascalheiros.FirstAccess;
				PRODUCT_NAME = "$(TARGET_NAME:c99extidentifier)";
				SKIP_INSTALL = YES;
				SWIFT_EMIT_LOC_STRINGS = YES;
				SWIFT_INSTALL_OBJC_HEADER = NO;
				SWIFT_VERSION = 5.0;
				TARGETED_DEVICE_FAMILY = "1,2";
			};
			name = Release;
		};
		17A78FFD2CAE1E3B00DF336F /* Debug */ = {
			isa = XCBuildConfiguration;
			baseConfigurationReference = 1809DF3A3E41DCF15DAB0C47 /* Pods-FirstAccessTests.debug.xcconfig */;
			buildSettings = {
				ALWAYS_EMBED_SWIFT_STANDARD_LIBRARIES = YES;
				CODE_SIGN_STYLE = Automatic;
				CURRENT_PROJECT_VERSION = 1;
				DEVELOPMENT_TEAM = N53G66Q5CM;
				GENERATE_INFOPLIST_FILE = YES;
				MARKETING_VERSION = 1.0;
				PRODUCT_BUNDLE_IDENTIFIER = com.github.lucascalheiros.FirstAccessTests;
				PRODUCT_NAME = "$(TARGET_NAME)";
				SWIFT_EMIT_LOC_STRINGS = NO;
				SWIFT_VERSION = 5.0;
				TARGETED_DEVICE_FAMILY = "1,2";
			};
			name = Debug;
		};
		17A78FFE2CAE1E3B00DF336F /* Release */ = {
			isa = XCBuildConfiguration;
			baseConfigurationReference = BD2197238084B3971480A279 /* Pods-FirstAccessTests.release.xcconfig */;
			buildSettings = {
				ALWAYS_EMBED_SWIFT_STANDARD_LIBRARIES = YES;
				CODE_SIGN_STYLE = Automatic;
				CURRENT_PROJECT_VERSION = 1;
				DEVELOPMENT_TEAM = N53G66Q5CM;
				GENERATE_INFOPLIST_FILE = YES;
				MARKETING_VERSION = 1.0;
				PRODUCT_BUNDLE_IDENTIFIER = com.github.lucascalheiros.FirstAccessTests;
				PRODUCT_NAME = "$(TARGET_NAME)";
				SWIFT_EMIT_LOC_STRINGS = NO;
				SWIFT_VERSION = 5.0;
				TARGETED_DEVICE_FAMILY = "1,2";
			};
			name = Release;
		};
/* End XCBuildConfiguration section */

/* Begin XCConfigurationList section */
		17A78FDF2CAE1E3B00DF336F /* Build configuration list for PBXProject "FirstAccess" */ = {
			isa = XCConfigurationList;
			buildConfigurations = (
				17A78FF72CAE1E3B00DF336F /* Debug */,
				17A78FF82CAE1E3B00DF336F /* Release */,
			);
			defaultConfigurationIsVisible = 0;
			defaultConfigurationName = Release;
		};
		17A78FF92CAE1E3B00DF336F /* Build configuration list for PBXNativeTarget "FirstAccess" */ = {
			isa = XCConfigurationList;
			buildConfigurations = (
				17A78FFA2CAE1E3B00DF336F /* Debug */,
				17A78FFB2CAE1E3B00DF336F /* Release */,
			);
			defaultConfigurationIsVisible = 0;
			defaultConfigurationName = Release;
		};
		17A78FFC2CAE1E3B00DF336F /* Build configuration list for PBXNativeTarget "FirstAccessTests" */ = {
			isa = XCConfigurationList;
			buildConfigurations = (
				17A78FFD2CAE1E3B00DF336F /* Debug */,
				17A78FFE2CAE1E3B00DF336F /* Release */,
			);
			defaultConfigurationIsVisible = 0;
			defaultConfigurationName = Release;
		};
/* End XCConfigurationList section */
	};
	rootObject = 17A78FDC2CAE1E3B00DF336F /* Project object */;
}
